
Microsoft Visual Studio Solution File, Format Version 12.00
# Visual Studio Version 17
VisualStudioVersion = 17.1.32328.378
MinimumVisualStudioVersion = 10.0.40219.1
Project("{9A19103F-16F7-4668-BE54-9A1E7A4F7556}") = "AsyncapiEventMeshClient", "AsyncapiEventMeshClient\AsyncapiEventMeshClient.csproj", "{D2A1EBB1-715C-4A4B-A827-1924B25718B6}"
EndProject
Project("{9A19103F-16F7-4668-BE54-9A1E7A4F7556}") = "AsyncapiEventMeshRunner", "AsyncapiEventMeshRunner\AsyncapiEventMeshRunner.csproj", "{30110F1B-BA16-4DDF-9A42-E2DBDBAF58F7}"
EndProject
Global
	GlobalSection(SolutionConfigurationPlatforms) = preSolution
		Debug|Any CPU = Debug|Any CPU
		Release|Any CPU = Release|Any CPU
	EndGlobalSection
	GlobalSection(ProjectConfigurationPlatforms) = postSolution
		{D2A1EBB1-715C-4A4B-A827-1924B25718B6}.Debug|Any CPU.ActiveCfg = Debug|Any CPU
		{D2A1EBB1-715C-4A4B-A827-1924B25718B6}.Debug|Any CPU.Build.0 = Debug|Any CPU
		{D2A1EBB1-715C-4A4B-A827-1924B25718B6}.Release|Any CPU.ActiveCfg = Release|Any CPU
		{D2A1EBB1-715C-4A4B-A827-1924B25718B6}.Release|Any CPU.Build.0 = Release|Any CPU
		{30110F1B-BA16-4DDF-9A42-E2DBDBAF58F7}.Debug|Any CPU.ActiveCfg = Debug|Any CPU
		{30110F1B-BA16-4DDF-9A42-E2DBDBAF58F7}.Debug|Any CPU.Build.0 = Debug|Any CPU
		{30110F1B-BA16-4DDF-9A42-E2DBDBAF58F7}.Release|Any CPU.ActiveCfg = Release|Any CPU
		{30110F1B-BA16-4DDF-9A42-E2DBDBAF58F7}.Release|Any CPU.Build.0 = Release|Any CPU
	EndGlobalSection
	GlobalSection(SolutionProperties) = preSolution
		HideSolutionNode = FALSE
	EndGlobalSection
	GlobalSection(ExtensibilityGlobals) = postSolution
		SolutionGuid = {F28511DF-2803-4BCC-9C93-387D09331BE9}
	EndGlobalSection
EndGlobal
