
Microsoft Visual Studio Solution File, Format Version 12.00
# Visual Studio Version 16
VisualStudioVersion = 16.0.29503.13
MinimumVisualStudioVersion = 10.0.40219.1
Project("{2150E333-8FDC-42A3-9474-1A3956D46DE8}") = "01. Core Layer", "01. Core Layer", "{6E495E0A-0DC8-4E42-8C58-3C48506D3D24}"
EndProject
Project("{9A19103F-16F7-4668-BE54-9A1E7A4F7556}") = "EventMesh.Runtime", "src\EventMesh.Runtime\EventMesh.Runtime.csproj", "{D2CC2EC6-5499-4D4E-88DC-ECFCCBEC0278}"
EndProject
Project("{2150E333-8FDC-42A3-9474-1A3956D46DE8}") = "03. Testing Layer", "03. Testing Layer", "{2A14F697-FFC8-402F-82B4-8128FE897DC9}"
EndProject
Project("{9A19103F-16F7-4668-BE54-9A1E7A4F7556}") = "EventMesh.Runtime.Tests", "tests\EventMesh.Runtime.Tests\EventMesh.Runtime.Tests.csproj", "{BC28994B-7B8A-4C6B-99E5-9167130ADC04}"
EndProject
Project("{2150E333-8FDC-42A3-9474-1A3956D46DE8}") = "02. Startup Layer", "02. Startup Layer", "{20A0BD99-A4F3-4FD5-A6FA-1935D7464DB8}"
EndProject
Project("{9A19103F-16F7-4668-BE54-9A1E7A4F7556}") = "EventMesh.Runtime.AMQP", "src\EventMesh.Runtime.AMQP\EventMesh.Runtime.AMQP.csproj", "{0478428F-225D-4541-BC67-805A2041C12C}"
EndProject
Project("{9A19103F-16F7-4668-BE54-9A1E7A4F7556}") = "EventMesh.Runtime.Client", "src\EventMesh.Runtime.Client\EventMesh.Runtime.Client.csproj", "{3F30FA61-B630-4EB3-959C-9AD5FEEDB2E4}"
EndProject
Project("{9A19103F-16F7-4668-BE54-9A1E7A4F7556}") = "EventMesh.Runtime.EF", "src\EventMesh.Runtime.EF\EventMesh.Runtime.EF.csproj", "{5A4AE409-D86A-435A-B6DA-2FA57896067C}"
EndProject
Project("{9A19103F-16F7-4668-BE54-9A1E7A4F7556}") = "EventMesh.Runtime.Website", "src\EventMesh.Runtime.Website\EventMesh.Runtime.Website.csproj", "{99809234-C3D5-45ED-8699-E1DD1337682B}"
EndProject
Project("{9A19103F-16F7-4668-BE54-9A1E7A4F7556}") = "EventMesh.Runtime.Kafka", "src\EventMesh.Runtime.Kafka\EventMesh.Runtime.Kafka.csproj", "{0918AA9B-1D81-4110-BB76-AAB9269F9D10}"
EndProject
Global
	GlobalSection(SolutionConfigurationPlatforms) = preSolution
		Debug|Any CPU = Debug|Any CPU
		Release|Any CPU = Release|Any CPU
	EndGlobalSection
	GlobalSection(ProjectConfigurationPlatforms) = postSolution
		{D2CC2EC6-5499-4D4E-88DC-ECFCCBEC0278}.Debug|Any CPU.ActiveCfg = Debug|Any CPU
		{D2CC2EC6-5499-4D4E-88DC-ECFCCBEC0278}.Debug|Any CPU.Build.0 = Debug|Any CPU
		{D2CC2EC6-5499-4D4E-88DC-ECFCCBEC0278}.Release|Any CPU.ActiveCfg = Release|Any CPU
		{D2CC2EC6-5499-4D4E-88DC-ECFCCBEC0278}.Release|Any CPU.Build.0 = Release|Any CPU
		{BC28994B-7B8A-4C6B-99E5-9167130ADC04}.Debug|Any CPU.ActiveCfg = Debug|Any CPU
		{BC28994B-7B8A-4C6B-99E5-9167130ADC04}.Debug|Any CPU.Build.0 = Debug|Any CPU
		{BC28994B-7B8A-4C6B-99E5-9167130ADC04}.Release|Any CPU.ActiveCfg = Release|Any CPU
		{BC28994B-7B8A-4C6B-99E5-9167130ADC04}.Release|Any CPU.Build.0 = Release|Any CPU
		{0478428F-225D-4541-BC67-805A2041C12C}.Debug|Any CPU.ActiveCfg = Debug|Any CPU
		{0478428F-225D-4541-BC67-805A2041C12C}.Debug|Any CPU.Build.0 = Debug|Any CPU
		{0478428F-225D-4541-BC67-805A2041C12C}.Release|Any CPU.ActiveCfg = Release|Any CPU
		{0478428F-225D-4541-BC67-805A2041C12C}.Release|Any CPU.Build.0 = Release|Any CPU
		{3F30FA61-B630-4EB3-959C-9AD5FEEDB2E4}.Debug|Any CPU.ActiveCfg = Debug|Any CPU
		{3F30FA61-B630-4EB3-959C-9AD5FEEDB2E4}.Debug|Any CPU.Build.0 = Debug|Any CPU
		{3F30FA61-B630-4EB3-959C-9AD5FEEDB2E4}.Release|Any CPU.ActiveCfg = Release|Any CPU
		{3F30FA61-B630-4EB3-959C-9AD5FEEDB2E4}.Release|Any CPU.Build.0 = Release|Any CPU
		{5A4AE409-D86A-435A-B6DA-2FA57896067C}.Debug|Any CPU.ActiveCfg = Debug|Any CPU
		{5A4AE409-D86A-435A-B6DA-2FA57896067C}.Debug|Any CPU.Build.0 = Debug|Any CPU
		{5A4AE409-D86A-435A-B6DA-2FA57896067C}.Release|Any CPU.ActiveCfg = Release|Any CPU
		{5A4AE409-D86A-435A-B6DA-2FA57896067C}.Release|Any CPU.Build.0 = Release|Any CPU
		{99809234-C3D5-45ED-8699-E1DD1337682B}.Debug|Any CPU.ActiveCfg = Debug|Any CPU
		{99809234-C3D5-45ED-8699-E1DD1337682B}.Debug|Any CPU.Build.0 = Debug|Any CPU
		{99809234-C3D5-45ED-8699-E1DD1337682B}.Release|Any CPU.ActiveCfg = Release|Any CPU
		{99809234-C3D5-45ED-8699-E1DD1337682B}.Release|Any CPU.Build.0 = Release|Any CPU
		{0918AA9B-1D81-4110-BB76-AAB9269F9D10}.Debug|Any CPU.ActiveCfg = Debug|Any CPU
		{0918AA9B-1D81-4110-BB76-AAB9269F9D10}.Debug|Any CPU.Build.0 = Debug|Any CPU
		{0918AA9B-1D81-4110-BB76-AAB9269F9D10}.Release|Any CPU.ActiveCfg = Release|Any CPU
		{0918AA9B-1D81-4110-BB76-AAB9269F9D10}.Release|Any CPU.Build.0 = Release|Any CPU
	EndGlobalSection
	GlobalSection(SolutionProperties) = preSolution
		HideSolutionNode = FALSE
	EndGlobalSection
	GlobalSection(NestedProjects) = preSolution
		{D2CC2EC6-5499-4D4E-88DC-ECFCCBEC0278} = {6E495E0A-0DC8-4E42-8C58-3C48506D3D24}
		{BC28994B-7B8A-4C6B-99E5-9167130ADC04} = {2A14F697-FFC8-402F-82B4-8128FE897DC9}
		{0478428F-225D-4541-BC67-805A2041C12C} = {6E495E0A-0DC8-4E42-8C58-3C48506D3D24}
		{3F30FA61-B630-4EB3-959C-9AD5FEEDB2E4} = {20A0BD99-A4F3-4FD5-A6FA-1935D7464DB8}
		{5A4AE409-D86A-435A-B6DA-2FA57896067C} = {6E495E0A-0DC8-4E42-8C58-3C48506D3D24}
		{99809234-C3D5-45ED-8699-E1DD1337682B} = {20A0BD99-A4F3-4FD5-A6FA-1935D7464DB8}
		{0918AA9B-1D81-4110-BB76-AAB9269F9D10} = {6E495E0A-0DC8-4E42-8C58-3C48506D3D24}
	EndGlobalSection
	GlobalSection(ExtensibilityGlobals) = postSolution
		SolutionGuid = {B9BD3B8C-B2C9-468F-BF54-66BFE9B565EC}
	EndGlobalSection
EndGlobal
