
Microsoft Visual Studio Solution File, Format Version 12.00
# Visual Studio Version 17
VisualStudioVersion = 17.1.32328.378
MinimumVisualStudioVersion = 10.0.40219.1
Project("{2150E333-8FDC-42A3-9474-1A3956D46DE8}") = "01. Common Layer", "01. Common Layer", "{C2C3F206-38C2-4676-A882-E70E9CF18ECB}"
EndProject
Project("{9A19103F-16F7-4668-BE54-9A1E7A4F7556}") = "FaasNet.DHT.Chord.Core", "src\DHT\FaasNet.DHT.Chord.Core\FaasNet.DHT.Chord.Core.csproj", "{1565D3C4-75DB-45B9-B7CD-79A3056FE921}"
EndProject
Project("{2150E333-8FDC-42A3-9474-1A3956D46DE8}") = "04. Startup Layer", "04. Startup Layer", "{274DD9AB-C600-4B80-B449-FD999F94AA11}"
EndProject
Project("{9A19103F-16F7-4668-BE54-9A1E7A4F7556}") = "FaasNet.DHT.Chord.Service", "src\DHT\FaasNet.DHT.Chord.Service\FaasNet.DHT.Chord.Service.csproj", "{F696F6E4-541D-438E-A24E-F09655AA3C02}"
EndProject
Project("{9A19103F-16F7-4668-BE54-9A1E7A4F7556}") = "FaasNet.Common", "src\Common\FaasNet.Common\FaasNet.Common.csproj", "{0077B7FE-7EE8-4DA9-920D-E852A8DE903C}"
EndProject
Project("{9A19103F-16F7-4668-BE54-9A1E7A4F7556}") = "FaasNet.DHT.Chord.Client", "src\DHT\FaasNet.DHT.Chord.Client\FaasNet.DHT.Chord.Client.csproj", "{4544CB5A-ECCF-4483-92FA-045425607634}"
EndProject
Project("{2150E333-8FDC-42A3-9474-1A3956D46DE8}") = "02. Chord", "02. Chord", "{5F8CD729-0B60-413B-B739-7A21446D2DDF}"
EndProject
Project("{2150E333-8FDC-42A3-9474-1A3956D46DE8}") = "03. Kademlia", "03. Kademlia", "{E43C29F9-CDB5-4B54-9B06-2E981F3F0692}"
EndProject
Project("{9A19103F-16F7-4668-BE54-9A1E7A4F7556}") = "FaasNet.DHT.Kademlia.Core", "src\DHT\FaasNet.DHT.Kademlia.Core\FaasNet.DHT.Kademlia.Core.csproj", "{F5AAD96E-54F8-4D3E-9B10-1CFB2DDF4DE3}"
EndProject
Project("{9A19103F-16F7-4668-BE54-9A1E7A4F7556}") = "FaasNet.DHT.Kademlia.Client", "src\DHT\FaasNet.DHT.Kademlia.Client\FaasNet.DHT.Kademlia.Client.csproj", "{20E83440-F46F-4396-BEAD-D4FE369D439B}"
EndProject
Project("{9A19103F-16F7-4668-BE54-9A1E7A4F7556}") = "FaasNet.DHT.Kademlia.Service", "src\DHT\FaasNet.DHT.Kademlia.Service\FaasNet.DHT.Kademlia.Service.csproj", "{C3DC0E13-9E19-456C-97FA-6DA24AB757E6}"
EndProject
Project("{9A19103F-16F7-4668-BE54-9A1E7A4F7556}") = "FaasNet.Peer", "src\Common\FaasNet.Peer\FaasNet.Peer.csproj", "{599C28C7-E66D-42F8-8CA1-7FF328B7C06A}"
EndProject
Project("{9A19103F-16F7-4668-BE54-9A1E7A4F7556}") = "FaasNet.Peer.Client", "src\Common\FaasNet.Peer.Client\FaasNet.Peer.Client.csproj", "{FD6C1642-D953-4328-A815-D6B2B285FADF}"
EndProject
Global
	GlobalSection(SolutionConfigurationPlatforms) = preSolution
		Debug|Any CPU = Debug|Any CPU
		Release|Any CPU = Release|Any CPU
	EndGlobalSection
	GlobalSection(ProjectConfigurationPlatforms) = postSolution
		{1565D3C4-75DB-45B9-B7CD-79A3056FE921}.Debug|Any CPU.ActiveCfg = Debug|Any CPU
		{1565D3C4-75DB-45B9-B7CD-79A3056FE921}.Debug|Any CPU.Build.0 = Debug|Any CPU
		{1565D3C4-75DB-45B9-B7CD-79A3056FE921}.Release|Any CPU.ActiveCfg = Release|Any CPU
		{1565D3C4-75DB-45B9-B7CD-79A3056FE921}.Release|Any CPU.Build.0 = Release|Any CPU
		{F696F6E4-541D-438E-A24E-F09655AA3C02}.Debug|Any CPU.ActiveCfg = Debug|Any CPU
		{F696F6E4-541D-438E-A24E-F09655AA3C02}.Debug|Any CPU.Build.0 = Debug|Any CPU
		{F696F6E4-541D-438E-A24E-F09655AA3C02}.Release|Any CPU.ActiveCfg = Release|Any CPU
		{F696F6E4-541D-438E-A24E-F09655AA3C02}.Release|Any CPU.Build.0 = Release|Any CPU
		{0077B7FE-7EE8-4DA9-920D-E852A8DE903C}.Debug|Any CPU.ActiveCfg = Debug|Any CPU
		{0077B7FE-7EE8-4DA9-920D-E852A8DE903C}.Debug|Any CPU.Build.0 = Debug|Any CPU
		{0077B7FE-7EE8-4DA9-920D-E852A8DE903C}.Release|Any CPU.ActiveCfg = Release|Any CPU
		{0077B7FE-7EE8-4DA9-920D-E852A8DE903C}.Release|Any CPU.Build.0 = Release|Any CPU
		{4544CB5A-ECCF-4483-92FA-045425607634}.Debug|Any CPU.ActiveCfg = Debug|Any CPU
		{4544CB5A-ECCF-4483-92FA-045425607634}.Debug|Any CPU.Build.0 = Debug|Any CPU
		{4544CB5A-ECCF-4483-92FA-045425607634}.Release|Any CPU.ActiveCfg = Release|Any CPU
		{4544CB5A-ECCF-4483-92FA-045425607634}.Release|Any CPU.Build.0 = Release|Any CPU
		{F5AAD96E-54F8-4D3E-9B10-1CFB2DDF4DE3}.Debug|Any CPU.ActiveCfg = Debug|Any CPU
		{F5AAD96E-54F8-4D3E-9B10-1CFB2DDF4DE3}.Debug|Any CPU.Build.0 = Debug|Any CPU
		{F5AAD96E-54F8-4D3E-9B10-1CFB2DDF4DE3}.Release|Any CPU.ActiveCfg = Release|Any CPU
		{F5AAD96E-54F8-4D3E-9B10-1CFB2DDF4DE3}.Release|Any CPU.Build.0 = Release|Any CPU
		{20E83440-F46F-4396-BEAD-D4FE369D439B}.Debug|Any CPU.ActiveCfg = Debug|Any CPU
		{20E83440-F46F-4396-BEAD-D4FE369D439B}.Debug|Any CPU.Build.0 = Debug|Any CPU
		{20E83440-F46F-4396-BEAD-D4FE369D439B}.Release|Any CPU.ActiveCfg = Release|Any CPU
		{20E83440-F46F-4396-BEAD-D4FE369D439B}.Release|Any CPU.Build.0 = Release|Any CPU
		{C3DC0E13-9E19-456C-97FA-6DA24AB757E6}.Debug|Any CPU.ActiveCfg = Debug|Any CPU
		{C3DC0E13-9E19-456C-97FA-6DA24AB757E6}.Debug|Any CPU.Build.0 = Debug|Any CPU
		{C3DC0E13-9E19-456C-97FA-6DA24AB757E6}.Release|Any CPU.ActiveCfg = Release|Any CPU
		{C3DC0E13-9E19-456C-97FA-6DA24AB757E6}.Release|Any CPU.Build.0 = Release|Any CPU
		{599C28C7-E66D-42F8-8CA1-7FF328B7C06A}.Debug|Any CPU.ActiveCfg = Debug|Any CPU
		{599C28C7-E66D-42F8-8CA1-7FF328B7C06A}.Debug|Any CPU.Build.0 = Debug|Any CPU
		{599C28C7-E66D-42F8-8CA1-7FF328B7C06A}.Release|Any CPU.ActiveCfg = Release|Any CPU
		{599C28C7-E66D-42F8-8CA1-7FF328B7C06A}.Release|Any CPU.Build.0 = Release|Any CPU
		{FD6C1642-D953-4328-A815-D6B2B285FADF}.Debug|Any CPU.ActiveCfg = Debug|Any CPU
		{FD6C1642-D953-4328-A815-D6B2B285FADF}.Debug|Any CPU.Build.0 = Debug|Any CPU
		{FD6C1642-D953-4328-A815-D6B2B285FADF}.Release|Any CPU.ActiveCfg = Release|Any CPU
		{FD6C1642-D953-4328-A815-D6B2B285FADF}.Release|Any CPU.Build.0 = Release|Any CPU
	EndGlobalSection
	GlobalSection(SolutionProperties) = preSolution
		HideSolutionNode = FALSE
	EndGlobalSection
	GlobalSection(NestedProjects) = preSolution
		{1565D3C4-75DB-45B9-B7CD-79A3056FE921} = {5F8CD729-0B60-413B-B739-7A21446D2DDF}
		{F696F6E4-541D-438E-A24E-F09655AA3C02} = {274DD9AB-C600-4B80-B449-FD999F94AA11}
		{0077B7FE-7EE8-4DA9-920D-E852A8DE903C} = {C2C3F206-38C2-4676-A882-E70E9CF18ECB}
		{4544CB5A-ECCF-4483-92FA-045425607634} = {5F8CD729-0B60-413B-B739-7A21446D2DDF}
		{F5AAD96E-54F8-4D3E-9B10-1CFB2DDF4DE3} = {E43C29F9-CDB5-4B54-9B06-2E981F3F0692}
		{20E83440-F46F-4396-BEAD-D4FE369D439B} = {E43C29F9-CDB5-4B54-9B06-2E981F3F0692}
		{C3DC0E13-9E19-456C-97FA-6DA24AB757E6} = {274DD9AB-C600-4B80-B449-FD999F94AA11}
		{599C28C7-E66D-42F8-8CA1-7FF328B7C06A} = {C2C3F206-38C2-4676-A882-E70E9CF18ECB}
		{FD6C1642-D953-4328-A815-D6B2B285FADF} = {C2C3F206-38C2-4676-A882-E70E9CF18ECB}
	EndGlobalSection
	GlobalSection(ExtensibilityGlobals) = postSolution
		SolutionGuid = {7CF61372-9F71-40E2-B983-7E41746883C0}
	EndGlobalSection
EndGlobal
