
Microsoft Visual Studio Solution File, Format Version 12.00
# Visual Studio Version 17
VisualStudioVersion = 17.1.32328.378
MinimumVisualStudioVersion = 10.0.40219.1
Project("{2150E333-8FDC-42A3-9474-1A3956D46DE8}") = "02. Core Layer", "02. Core Layer", "{6E495E0A-0DC8-4E42-8C58-3C48506D3D24}"
EndProject
Project("{2150E333-8FDC-42A3-9474-1A3956D46DE8}") = "06. Testing Layer", "06. Testing Layer", "{2A14F697-FFC8-402F-82B4-8128FE897DC9}"
EndProject
Project("{2150E333-8FDC-42A3-9474-1A3956D46DE8}") = "03. Startup Layer", "03. Startup Layer", "{20A0BD99-A4F3-4FD5-A6FA-1935D7464DB8}"
EndProject
Project("{9A19103F-16F7-4668-BE54-9A1E7A4F7556}") = "FaasNet.EventMesh.Runtime.Tests", "tests\FaasNet.EventMesh.Runtime.Tests\FaasNet.EventMesh.Runtime.Tests.csproj", "{AA3F0C66-7575-47D9-B45E-6B38F78E632D}"
EndProject
Project("{9A19103F-16F7-4668-BE54-9A1E7A4F7556}") = "FaasNet.EventMesh.Runtime", "src\EventMesh\FaasNet.EventMesh.Runtime\FaasNet.EventMesh.Runtime.csproj", "{01F03240-2025-4F1B-B1F6-76A8FD694784}"
EndProject
Project("{9A19103F-16F7-4668-BE54-9A1E7A4F7556}") = "FaasNet.EventMesh.Client", "src\EventMesh\FaasNet.EventMesh.Client\FaasNet.EventMesh.Client.csproj", "{3A26857C-8F60-4BC2-8B9C-56BEE26B59BF}"
EndProject
Project("{9A19103F-16F7-4668-BE54-9A1E7A4F7556}") = "OpenTelemetry.Exporter.OpenTelemetryProtocol", "src\EventMesh\OpenTelemetry.Exporter.OpenTelemetryProtocol\OpenTelemetry.Exporter.OpenTelemetryProtocol.csproj", "{33040232-E628-448D-B85F-BC68D757D24B}"
EndProject
Project("{9A19103F-16F7-4668-BE54-9A1E7A4F7556}") = "OpenTelemetry.Exporter.OpenTelemetryProtocol.Logs", "src\EventMesh\OpenTelemetry.Exporter.OpenTelemetryProtocol.Logs\OpenTelemetry.Exporter.OpenTelemetryProtocol.Logs.csproj", "{1186F448-3722-443F-A0C8-A0D4216D23D9}"
EndProject
Project("{2150E333-8FDC-42A3-9474-1A3956D46DE8}") = "00. OpenTelemetry", "00. OpenTelemetry", "{3A7C8C56-A93C-4722-9397-EF82EB5E4655}"
EndProject
Project("{2150E333-8FDC-42A3-9474-1A3956D46DE8}") = "01. Raft consensus Layer", "01. Raft consensus Layer", "{7A13262A-D1E6-4210-BA95-03A0741CBFA4}"
EndProject
Project("{9A19103F-16F7-4668-BE54-9A1E7A4F7556}") = "FaasNet.RaftConsensus.Core", "src\RaftConsensus\FaasNet.RaftConsensus.Core\FaasNet.RaftConsensus.Core.csproj", "{69259CDF-1E32-4310-9155-BC095FFDBECD}"
EndProject
Project("{9A19103F-16F7-4668-BE54-9A1E7A4F7556}") = "FaasNet.RaftConsensus.Client", "src\RaftConsensus\FaasNet.RaftConsensus.Client\FaasNet.RaftConsensus.Client.csproj", "{9FD70B89-220D-47E7-958D-E10F493F9436}"
EndProject
Project("{9A19103F-16F7-4668-BE54-9A1E7A4F7556}") = "FaasNet.RaftConsensus.RocksDB", "src\RaftConsensus\FaasNet.RaftConsensus.RocksDB\FaasNet.RaftConsensus.RocksDB.csproj", "{7C4A643C-FEE8-484E-BE0B-8842FB986F20}"
EndProject
Project("{2150E333-8FDC-42A3-9474-1A3956D46DE8}") = "01. Sinks", "01. Sinks", "{B7CDEBEF-C508-4EFA-BEC9-9D9D6E5D80C5}"
EndProject
Project("{9A19103F-16F7-4668-BE54-9A1E7A4F7556}") = "FaasNet.Common", "src\Common\FaasNet.Common\FaasNet.Common.csproj", "{2D703121-6391-42AB-8D68-8AD85EB5BB4B}"
EndProject
Project("{2150E333-8FDC-42A3-9474-1A3956D46DE8}") = "02. Protocols", "02. Protocols", "{225E35C4-C3C2-4319-96BF-CBF86DCB5C46}"
EndProject
Project("{9A19103F-16F7-4668-BE54-9A1E7A4F7556}") = "FaasNet.EventMesh.Protocols.AMQP", "src\EventMesh\FaasNet.EventMesh.Protocols.AMQP\FaasNet.EventMesh.Protocols.AMQP.csproj", "{3442A638-E7C0-45CC-8A7D-F2A40D65AB93}"
EndProject
Project("{9A19103F-16F7-4668-BE54-9A1E7A4F7556}") = "FaasNet.EventMesh.Protocols", "src\EventMesh\FaasNet.EventMesh.Protocols\FaasNet.EventMesh.Protocols.csproj", "{E90801D3-9D40-4B3F-AA3F-4015C03262A5}"
EndProject
Project("{9A19103F-16F7-4668-BE54-9A1E7A4F7556}") = "FaasNet.EventMesh.Common", "src\EventMesh\FaasNet.EventMesh.Common\FaasNet.EventMesh.Common.csproj", "{6884598F-5743-4A2A-B3B9-679FEDA81D6B}"
EndProject
Project("{9A19103F-16F7-4668-BE54-9A1E7A4F7556}") = "FaasNet.EventMesh.FirstConsole", "src\EventMesh\FaasNet.EventMesh.FirstConsole\FaasNet.EventMesh.FirstConsole.csproj", "{394401D8-D005-49E1-A735-47284C034D44}"
EndProject
Project("{9A19103F-16F7-4668-BE54-9A1E7A4F7556}") = "FaasNet.EventMesh.SecondConsole", "src\EventMesh\FaasNet.EventMesh.SecondConsole\FaasNet.EventMesh.SecondConsole.csproj", "{FBD50A91-127A-44F7-BF12-4666448086B9}"
EndProject
Project("{9A19103F-16F7-4668-BE54-9A1E7A4F7556}") = "FaasNet.EventMesh.Protocols.WebSocket", "src\EventMesh\FaasNet.EventMesh.Protocols.WebSocket\FaasNet.EventMesh.Protocols.WebSocket.csproj", "{01F8C927-42A6-48E2-99E0-E203B3EE534A}"
EndProject
Project("{2150E333-8FDC-42A3-9474-1A3956D46DE8}") = "01. Discoveries", "01. Discoveries", "{8B617B76-FFD2-4DBE-921E-B7DB73309530}"
EndProject
Project("{9A19103F-16F7-4668-BE54-9A1E7A4F7556}") = "FaasNet.RaftConsensus.Discovery.Etcd", "src\RaftConsensus\FaasNet.RaftConsensus.Discovery.Etcd\FaasNet.RaftConsensus.Discovery.Etcd.csproj", "{D581D830-5A97-451F-96C5-8AC513EC308D}"
EndProject
Project("{9A19103F-16F7-4668-BE54-9A1E7A4F7556}") = "FaasNet.EventMesh.Service", "src\EventMesh\FaasNet.EventMesh.Service\FaasNet.EventMesh.Service.csproj", "{21CC76FF-FA0A-4FF2-A0A1-78A8C107FCEE}"
EndProject
Project("{2150E333-8FDC-42A3-9474-1A3956D46DE8}") = "04. Installer Layer", "04. Installer Layer", "{F9148CB9-8CA8-43BA-85F2-46C94AF624D7}"
EndProject
Project("{2150E333-8FDC-42A3-9474-1A3956D46DE8}") = "05. CLI Layer", "05. CLI Layer", "{E7E305E3-DDFE-4523-8343-82C62884A323}"
EndProject
Project("{9A19103F-16F7-4668-BE54-9A1E7A4F7556}") = "FaasNet.EventMeshCTL.CLI", "src\EventMesh\FaasNet.EventMeshCTL.CLI\FaasNet.EventMeshCTL.CLI.csproj", "{294141B6-1F8D-43D9-BF3E-5A86FFD8F38D}"
EndProject
Project("{9A19103F-16F7-4668-BE54-9A1E7A4F7556}") = "FaasNet.EventMesh.Sink", "src\EventMesh\FaasNet.EventMesh.Sink\FaasNet.EventMesh.Sink.csproj", "{71DE726F-A922-4180-A154-6144906ADCF0}"
EndProject
Project("{9A19103F-16F7-4668-BE54-9A1E7A4F7556}") = "FaasNet.EventMesh.Sink.AMQP", "src\EventMesh\FaasNet.EventMesh.Sink.AMQP\FaasNet.EventMesh.Sink.AMQP.csproj", "{D2869D6E-AB7B-4E12-B34C-325FB91BC560}"
EndProject
Project("{9A19103F-16F7-4668-BE54-9A1E7A4F7556}") = "FaasNet.EventMesh.Sink.Kafka", "src\EventMesh\FaasNet.EventMesh.Sink.Kafka\FaasNet.EventMesh.Sink.Kafka.csproj", "{2DCA720C-ABB8-4917-B5FE-A2393E79A76F}"
EndProject
Project("{9A19103F-16F7-4668-BE54-9A1E7A4F7556}") = "FaasNet.EventMesh.Sink.VpnBridge", "src\EventMesh\FaasNet.EventMesh.Sink.VpnBridge\FaasNet.EventMesh.Sink.VpnBridge.csproj", "{01E4D8EF-A594-4497-B1CA-D17372656006}"
EndProject
Project("{9A19103F-16F7-4668-BE54-9A1E7A4F7556}") = "FaasNet.EventMesh.Sink.RocksDB", "src\EventMesh\FaasNet.EventMesh.Sink.RocksDB\FaasNet.EventMesh.Sink.RocksDB.csproj", "{810659FD-5FAE-41B8-BC14-4499B6993CFB}"
EndProject
Global
	GlobalSection(SolutionConfigurationPlatforms) = preSolution
		Debug|Any CPU = Debug|Any CPU
		Release|Any CPU = Release|Any CPU
	EndGlobalSection
	GlobalSection(ProjectConfigurationPlatforms) = postSolution
		{AA3F0C66-7575-47D9-B45E-6B38F78E632D}.Debug|Any CPU.ActiveCfg = Debug|Any CPU
		{AA3F0C66-7575-47D9-B45E-6B38F78E632D}.Debug|Any CPU.Build.0 = Debug|Any CPU
		{AA3F0C66-7575-47D9-B45E-6B38F78E632D}.Release|Any CPU.ActiveCfg = Release|Any CPU
		{AA3F0C66-7575-47D9-B45E-6B38F78E632D}.Release|Any CPU.Build.0 = Release|Any CPU
		{01F03240-2025-4F1B-B1F6-76A8FD694784}.Debug|Any CPU.ActiveCfg = Debug|Any CPU
		{01F03240-2025-4F1B-B1F6-76A8FD694784}.Debug|Any CPU.Build.0 = Debug|Any CPU
		{01F03240-2025-4F1B-B1F6-76A8FD694784}.Release|Any CPU.ActiveCfg = Release|Any CPU
		{01F03240-2025-4F1B-B1F6-76A8FD694784}.Release|Any CPU.Build.0 = Release|Any CPU
		{3A26857C-8F60-4BC2-8B9C-56BEE26B59BF}.Debug|Any CPU.ActiveCfg = Debug|Any CPU
		{3A26857C-8F60-4BC2-8B9C-56BEE26B59BF}.Debug|Any CPU.Build.0 = Debug|Any CPU
		{3A26857C-8F60-4BC2-8B9C-56BEE26B59BF}.Release|Any CPU.ActiveCfg = Release|Any CPU
		{3A26857C-8F60-4BC2-8B9C-56BEE26B59BF}.Release|Any CPU.Build.0 = Release|Any CPU
		{33040232-E628-448D-B85F-BC68D757D24B}.Debug|Any CPU.ActiveCfg = Debug|Any CPU
		{33040232-E628-448D-B85F-BC68D757D24B}.Debug|Any CPU.Build.0 = Debug|Any CPU
		{33040232-E628-448D-B85F-BC68D757D24B}.Release|Any CPU.ActiveCfg = Release|Any CPU
		{33040232-E628-448D-B85F-BC68D757D24B}.Release|Any CPU.Build.0 = Release|Any CPU
		{1186F448-3722-443F-A0C8-A0D4216D23D9}.Debug|Any CPU.ActiveCfg = Debug|Any CPU
		{1186F448-3722-443F-A0C8-A0D4216D23D9}.Debug|Any CPU.Build.0 = Debug|Any CPU
		{1186F448-3722-443F-A0C8-A0D4216D23D9}.Release|Any CPU.ActiveCfg = Release|Any CPU
		{1186F448-3722-443F-A0C8-A0D4216D23D9}.Release|Any CPU.Build.0 = Release|Any CPU
		{69259CDF-1E32-4310-9155-BC095FFDBECD}.Debug|Any CPU.ActiveCfg = Debug|Any CPU
		{69259CDF-1E32-4310-9155-BC095FFDBECD}.Debug|Any CPU.Build.0 = Debug|Any CPU
		{69259CDF-1E32-4310-9155-BC095FFDBECD}.Release|Any CPU.ActiveCfg = Release|Any CPU
		{69259CDF-1E32-4310-9155-BC095FFDBECD}.Release|Any CPU.Build.0 = Release|Any CPU
		{9FD70B89-220D-47E7-958D-E10F493F9436}.Debug|Any CPU.ActiveCfg = Debug|Any CPU
		{9FD70B89-220D-47E7-958D-E10F493F9436}.Debug|Any CPU.Build.0 = Debug|Any CPU
		{9FD70B89-220D-47E7-958D-E10F493F9436}.Release|Any CPU.ActiveCfg = Release|Any CPU
		{9FD70B89-220D-47E7-958D-E10F493F9436}.Release|Any CPU.Build.0 = Release|Any CPU
		{7C4A643C-FEE8-484E-BE0B-8842FB986F20}.Debug|Any CPU.ActiveCfg = Debug|Any CPU
		{7C4A643C-FEE8-484E-BE0B-8842FB986F20}.Debug|Any CPU.Build.0 = Debug|Any CPU
		{7C4A643C-FEE8-484E-BE0B-8842FB986F20}.Release|Any CPU.ActiveCfg = Release|Any CPU
		{7C4A643C-FEE8-484E-BE0B-8842FB986F20}.Release|Any CPU.Build.0 = Release|Any CPU
		{2D703121-6391-42AB-8D68-8AD85EB5BB4B}.Debug|Any CPU.ActiveCfg = Debug|Any CPU
		{2D703121-6391-42AB-8D68-8AD85EB5BB4B}.Debug|Any CPU.Build.0 = Debug|Any CPU
		{2D703121-6391-42AB-8D68-8AD85EB5BB4B}.Release|Any CPU.ActiveCfg = Release|Any CPU
		{2D703121-6391-42AB-8D68-8AD85EB5BB4B}.Release|Any CPU.Build.0 = Release|Any CPU
		{3442A638-E7C0-45CC-8A7D-F2A40D65AB93}.Debug|Any CPU.ActiveCfg = Debug|Any CPU
		{3442A638-E7C0-45CC-8A7D-F2A40D65AB93}.Debug|Any CPU.Build.0 = Debug|Any CPU
		{3442A638-E7C0-45CC-8A7D-F2A40D65AB93}.Release|Any CPU.ActiveCfg = Release|Any CPU
		{3442A638-E7C0-45CC-8A7D-F2A40D65AB93}.Release|Any CPU.Build.0 = Release|Any CPU
		{E90801D3-9D40-4B3F-AA3F-4015C03262A5}.Debug|Any CPU.ActiveCfg = Debug|Any CPU
		{E90801D3-9D40-4B3F-AA3F-4015C03262A5}.Debug|Any CPU.Build.0 = Debug|Any CPU
		{E90801D3-9D40-4B3F-AA3F-4015C03262A5}.Release|Any CPU.ActiveCfg = Release|Any CPU
		{E90801D3-9D40-4B3F-AA3F-4015C03262A5}.Release|Any CPU.Build.0 = Release|Any CPU
		{6884598F-5743-4A2A-B3B9-679FEDA81D6B}.Debug|Any CPU.ActiveCfg = Debug|Any CPU
		{6884598F-5743-4A2A-B3B9-679FEDA81D6B}.Debug|Any CPU.Build.0 = Debug|Any CPU
		{6884598F-5743-4A2A-B3B9-679FEDA81D6B}.Release|Any CPU.ActiveCfg = Release|Any CPU
		{6884598F-5743-4A2A-B3B9-679FEDA81D6B}.Release|Any CPU.Build.0 = Release|Any CPU
		{394401D8-D005-49E1-A735-47284C034D44}.Debug|Any CPU.ActiveCfg = Debug|Any CPU
		{394401D8-D005-49E1-A735-47284C034D44}.Debug|Any CPU.Build.0 = Debug|Any CPU
		{394401D8-D005-49E1-A735-47284C034D44}.Release|Any CPU.ActiveCfg = Release|Any CPU
		{394401D8-D005-49E1-A735-47284C034D44}.Release|Any CPU.Build.0 = Release|Any CPU
		{FBD50A91-127A-44F7-BF12-4666448086B9}.Debug|Any CPU.ActiveCfg = Debug|Any CPU
		{FBD50A91-127A-44F7-BF12-4666448086B9}.Debug|Any CPU.Build.0 = Debug|Any CPU
		{FBD50A91-127A-44F7-BF12-4666448086B9}.Release|Any CPU.ActiveCfg = Release|Any CPU
		{FBD50A91-127A-44F7-BF12-4666448086B9}.Release|Any CPU.Build.0 = Release|Any CPU
		{01F8C927-42A6-48E2-99E0-E203B3EE534A}.Debug|Any CPU.ActiveCfg = Debug|Any CPU
		{01F8C927-42A6-48E2-99E0-E203B3EE534A}.Debug|Any CPU.Build.0 = Debug|Any CPU
		{01F8C927-42A6-48E2-99E0-E203B3EE534A}.Release|Any CPU.ActiveCfg = Release|Any CPU
		{01F8C927-42A6-48E2-99E0-E203B3EE534A}.Release|Any CPU.Build.0 = Release|Any CPU
		{D581D830-5A97-451F-96C5-8AC513EC308D}.Debug|Any CPU.ActiveCfg = Debug|Any CPU
		{D581D830-5A97-451F-96C5-8AC513EC308D}.Debug|Any CPU.Build.0 = Debug|Any CPU
		{D581D830-5A97-451F-96C5-8AC513EC308D}.Release|Any CPU.ActiveCfg = Release|Any CPU
		{D581D830-5A97-451F-96C5-8AC513EC308D}.Release|Any CPU.Build.0 = Release|Any CPU
		{21CC76FF-FA0A-4FF2-A0A1-78A8C107FCEE}.Debug|Any CPU.ActiveCfg = Debug|Any CPU
		{21CC76FF-FA0A-4FF2-A0A1-78A8C107FCEE}.Debug|Any CPU.Build.0 = Debug|Any CPU
		{21CC76FF-FA0A-4FF2-A0A1-78A8C107FCEE}.Release|Any CPU.ActiveCfg = Release|Any CPU
		{21CC76FF-FA0A-4FF2-A0A1-78A8C107FCEE}.Release|Any CPU.Build.0 = Release|Any CPU
		{294141B6-1F8D-43D9-BF3E-5A86FFD8F38D}.Debug|Any CPU.ActiveCfg = Debug|Any CPU
		{294141B6-1F8D-43D9-BF3E-5A86FFD8F38D}.Debug|Any CPU.Build.0 = Debug|Any CPU
		{294141B6-1F8D-43D9-BF3E-5A86FFD8F38D}.Release|Any CPU.ActiveCfg = Release|Any CPU
		{294141B6-1F8D-43D9-BF3E-5A86FFD8F38D}.Release|Any CPU.Build.0 = Release|Any CPU
		{71DE726F-A922-4180-A154-6144906ADCF0}.Debug|Any CPU.ActiveCfg = Debug|Any CPU
		{71DE726F-A922-4180-A154-6144906ADCF0}.Debug|Any CPU.Build.0 = Debug|Any CPU
		{71DE726F-A922-4180-A154-6144906ADCF0}.Release|Any CPU.ActiveCfg = Release|Any CPU
		{71DE726F-A922-4180-A154-6144906ADCF0}.Release|Any CPU.Build.0 = Release|Any CPU
		{D2869D6E-AB7B-4E12-B34C-325FB91BC560}.Debug|Any CPU.ActiveCfg = Debug|Any CPU
		{D2869D6E-AB7B-4E12-B34C-325FB91BC560}.Debug|Any CPU.Build.0 = Debug|Any CPU
		{D2869D6E-AB7B-4E12-B34C-325FB91BC560}.Release|Any CPU.ActiveCfg = Release|Any CPU
		{D2869D6E-AB7B-4E12-B34C-325FB91BC560}.Release|Any CPU.Build.0 = Release|Any CPU
		{2DCA720C-ABB8-4917-B5FE-A2393E79A76F}.Debug|Any CPU.ActiveCfg = Debug|Any CPU
		{2DCA720C-ABB8-4917-B5FE-A2393E79A76F}.Debug|Any CPU.Build.0 = Debug|Any CPU
		{2DCA720C-ABB8-4917-B5FE-A2393E79A76F}.Release|Any CPU.ActiveCfg = Release|Any CPU
		{2DCA720C-ABB8-4917-B5FE-A2393E79A76F}.Release|Any CPU.Build.0 = Release|Any CPU
		{01E4D8EF-A594-4497-B1CA-D17372656006}.Debug|Any CPU.ActiveCfg = Debug|Any CPU
		{01E4D8EF-A594-4497-B1CA-D17372656006}.Debug|Any CPU.Build.0 = Debug|Any CPU
		{01E4D8EF-A594-4497-B1CA-D17372656006}.Release|Any CPU.ActiveCfg = Release|Any CPU
		{01E4D8EF-A594-4497-B1CA-D17372656006}.Release|Any CPU.Build.0 = Release|Any CPU
		{810659FD-5FAE-41B8-BC14-4499B6993CFB}.Debug|Any CPU.ActiveCfg = Debug|Any CPU
		{810659FD-5FAE-41B8-BC14-4499B6993CFB}.Debug|Any CPU.Build.0 = Debug|Any CPU
		{810659FD-5FAE-41B8-BC14-4499B6993CFB}.Release|Any CPU.ActiveCfg = Release|Any CPU
		{810659FD-5FAE-41B8-BC14-4499B6993CFB}.Release|Any CPU.Build.0 = Release|Any CPU
	EndGlobalSection
	GlobalSection(SolutionProperties) = preSolution
		HideSolutionNode = FALSE
	EndGlobalSection
	GlobalSection(NestedProjects) = preSolution
		{AA3F0C66-7575-47D9-B45E-6B38F78E632D} = {2A14F697-FFC8-402F-82B4-8128FE897DC9}
		{01F03240-2025-4F1B-B1F6-76A8FD694784} = {6E495E0A-0DC8-4E42-8C58-3C48506D3D24}
		{3A26857C-8F60-4BC2-8B9C-56BEE26B59BF} = {6E495E0A-0DC8-4E42-8C58-3C48506D3D24}
		{33040232-E628-448D-B85F-BC68D757D24B} = {3A7C8C56-A93C-4722-9397-EF82EB5E4655}
		{1186F448-3722-443F-A0C8-A0D4216D23D9} = {3A7C8C56-A93C-4722-9397-EF82EB5E4655}
		{69259CDF-1E32-4310-9155-BC095FFDBECD} = {7A13262A-D1E6-4210-BA95-03A0741CBFA4}
		{9FD70B89-220D-47E7-958D-E10F493F9436} = {7A13262A-D1E6-4210-BA95-03A0741CBFA4}
		{7C4A643C-FEE8-484E-BE0B-8842FB986F20} = {7A13262A-D1E6-4210-BA95-03A0741CBFA4}
		{B7CDEBEF-C508-4EFA-BEC9-9D9D6E5D80C5} = {6E495E0A-0DC8-4E42-8C58-3C48506D3D24}
		{2D703121-6391-42AB-8D68-8AD85EB5BB4B} = {7A13262A-D1E6-4210-BA95-03A0741CBFA4}
		{225E35C4-C3C2-4319-96BF-CBF86DCB5C46} = {6E495E0A-0DC8-4E42-8C58-3C48506D3D24}
		{3442A638-E7C0-45CC-8A7D-F2A40D65AB93} = {225E35C4-C3C2-4319-96BF-CBF86DCB5C46}
		{E90801D3-9D40-4B3F-AA3F-4015C03262A5} = {225E35C4-C3C2-4319-96BF-CBF86DCB5C46}
		{6884598F-5743-4A2A-B3B9-679FEDA81D6B} = {20A0BD99-A4F3-4FD5-A6FA-1935D7464DB8}
		{394401D8-D005-49E1-A735-47284C034D44} = {20A0BD99-A4F3-4FD5-A6FA-1935D7464DB8}
		{FBD50A91-127A-44F7-BF12-4666448086B9} = {20A0BD99-A4F3-4FD5-A6FA-1935D7464DB8}
		{01F8C927-42A6-48E2-99E0-E203B3EE534A} = {225E35C4-C3C2-4319-96BF-CBF86DCB5C46}
		{8B617B76-FFD2-4DBE-921E-B7DB73309530} = {7A13262A-D1E6-4210-BA95-03A0741CBFA4}
		{D581D830-5A97-451F-96C5-8AC513EC308D} = {8B617B76-FFD2-4DBE-921E-B7DB73309530}
		{21CC76FF-FA0A-4FF2-A0A1-78A8C107FCEE} = {F9148CB9-8CA8-43BA-85F2-46C94AF624D7}
		{294141B6-1F8D-43D9-BF3E-5A86FFD8F38D} = {E7E305E3-DDFE-4523-8343-82C62884A323}
		{71DE726F-A922-4180-A154-6144906ADCF0} = {B7CDEBEF-C508-4EFA-BEC9-9D9D6E5D80C5}
		{D2869D6E-AB7B-4E12-B34C-325FB91BC560} = {B7CDEBEF-C508-4EFA-BEC9-9D9D6E5D80C5}
		{2DCA720C-ABB8-4917-B5FE-A2393E79A76F} = {B7CDEBEF-C508-4EFA-BEC9-9D9D6E5D80C5}
		{01E4D8EF-A594-4497-B1CA-D17372656006} = {B7CDEBEF-C508-4EFA-BEC9-9D9D6E5D80C5}
		{810659FD-5FAE-41B8-BC14-4499B6993CFB} = {B7CDEBEF-C508-4EFA-BEC9-9D9D6E5D80C5}
	EndGlobalSection
	GlobalSection(ExtensibilityGlobals) = postSolution
		SolutionGuid = {B9BD3B8C-B2C9-468F-BF54-66BFE9B565EC}
	EndGlobalSection
EndGlobal
