
Microsoft Visual Studio Solution File, Format Version 12.00
# Visual Studio Version 16
VisualStudioVersion = 16.0.29503.13
MinimumVisualStudioVersion = 10.0.40219.1
Project("{2150E333-8FDC-42A3-9474-1A3956D46DE8}") = "01. Templates", "01. Templates", "{6CFE3CE6-8D78-4393-92C3-433EB75F5CF5}"
EndProject
Project("{9A19103F-16F7-4668-BE54-9A1E7A4F7556}") = "FaasNet.Templates", "src\Templates\FaasNet.Templates\FaasNet.Templates.csproj", "{E23A99F7-1D56-4F56-A228-913586D1E94E}"
EndProject
Global
	GlobalSection(SolutionConfigurationPlatforms) = preSolution
		Debug|Any CPU = Debug|Any CPU
		Release|Any CPU = Release|Any CPU
	EndGlobalSection
	GlobalSection(ProjectConfigurationPlatforms) = postSolution
		{E23A99F7-1D56-4F56-A228-913586D1E94E}.Debug|Any CPU.ActiveCfg = Debug|Any CPU
		{E23A99F7-1D56-4F56-A228-913586D1E94E}.Debug|Any CPU.Build.0 = Debug|Any CPU
		{E23A99F7-1D56-4F56-A228-913586D1E94E}.Release|Any CPU.ActiveCfg = Release|Any CPU
		{E23A99F7-1D56-4F56-A228-913586D1E94E}.Release|Any CPU.Build.0 = Release|Any CPU
	EndGlobalSection
	GlobalSection(SolutionProperties) = preSolution
		HideSolutionNode = FALSE
	EndGlobalSection
	GlobalSection(NestedProjects) = preSolution
		{E23A99F7-1D56-4F56-A228-913586D1E94E} = {6CFE3CE6-8D78-4393-92C3-433EB75F5CF5}
	EndGlobalSection
	GlobalSection(ExtensibilityGlobals) = postSolution
		SolutionGuid = {46764455-0D10-4266-9C37-35D7BD67517C}
	EndGlobalSection
EndGlobal
