
Microsoft Visual Studio Solution File, Format Version 12.00
# Visual Studio Version 16
VisualStudioVersion = 16.0.29503.13
MinimumVisualStudioVersion = 10.0.40219.1
Project("{2150E333-8FDC-42A3-9474-1A3956D46DE8}") = "01. Core", "01. Core", "{1064A767-7322-4A14-BFD4-97FDD40E76B4}"
EndProject
Project("{2150E333-8FDC-42A3-9474-1A3956D46DE8}") = "03. Startup", "03. Startup", "{B0C38F6D-3F83-458A-A493-428AB3DD9F85}"
EndProject
Project("{9A19103F-16F7-4668-BE54-9A1E7A4F7556}") = "FaasNet.Kubernetes", "src\FaasNet.Kubernetes\FaasNet.Kubernetes.csproj", "{2B6F7B44-91D5-44DD-8615-4EE8447F4839}"
EndProject
Project("{2150E333-8FDC-42A3-9474-1A3956D46DE8}") = "02. Functions", "02. Functions", "{E407AB8F-BDC8-4084-BE20-B4442CFE5EE9}"
EndProject
Project("{9A19103F-16F7-4668-BE54-9A1E7A4F7556}") = "FaasNet.Gateway.Core", "src\FaasNet.Gateway.Core\FaasNet.Gateway.Core.csproj", "{65DA8EDF-48A2-4AB5-B93A-6301718F1C1B}"
EndProject
Project("{9A19103F-16F7-4668-BE54-9A1E7A4F7556}") = "FaasNet.CLI", "src\FaasNet.CLI\FaasNet.CLI.csproj", "{EDDFD04B-B4F0-47A6-8FD3-628F3F542402}"
EndProject
Project("{9A19103F-16F7-4668-BE54-9A1E7A4F7556}") = "FaasNet.Website", "src\FaasNet.Website\FaasNet.Website.csproj", "{6B493287-F29B-4988-A21F-A32EF81DE717}"
EndProject
Project("{9A19103F-16F7-4668-BE54-9A1E7A4F7556}") = "FaasNet.Function", "src\FaasNet.Function\FaasNet.Function.csproj", "{EF3FCDDE-0BD4-4D8A-85C9-D7639CD29942}"
EndProject
Project("{9A19103F-16F7-4668-BE54-9A1E7A4F7556}") = "FaasNet.Function.GetSql", "src\FaasNet.Function.GetSql\FaasNet.Function.GetSql.csproj", "{1FD1AA96-64C8-49B5-8B46-35E8BF82495B}"
EndProject
Project("{9A19103F-16F7-4668-BE54-9A1E7A4F7556}") = "FaasNet.Function.Transform", "src\FaasNet.Function.Transform\FaasNet.Function.Transform.csproj", "{6E815839-411A-4DA7-9269-3271C3159E15}"
EndProject
Project("{9A19103F-16F7-4668-BE54-9A1E7A4F7556}") = "FaasNet.Runtime", "src\FaasNet.Runtime\FaasNet.Runtime.csproj", "{D19F1CD9-628D-411E-9FF6-3212B30B70D7}"
EndProject
Project("{2150E333-8FDC-42A3-9474-1A3956D46DE8}") = "04. Tests", "04. Tests", "{472FC125-267E-422D-AFFE-E33C5FFB3344}"
EndProject
Project("{9A19103F-16F7-4668-BE54-9A1E7A4F7556}") = "FaasNet.Runtime.EF", "src\FaasNet.Runtime.EF\FaasNet.Runtime.EF.csproj", "{EBC898D8-3AF8-4389-A737-593580171352}"
EndProject
Project("{9A19103F-16F7-4668-BE54-9A1E7A4F7556}") = "FaasNet.Gateway.SqlServer.Startup", "src\FaasNet.Gateway.SqlServer.Startup\FaasNet.Gateway.SqlServer.Startup.csproj", "{D851F1DA-654F-4782-B6D2-ADB4293D788E}"
EndProject
Project("{2150E333-8FDC-42A3-9474-1A3956D46DE8}") = "01. Gateway", "01. Gateway", "{8D35E32C-AB12-44C8-8FAF-D9FF8CF805B7}"
EndProject
Project("{2150E333-8FDC-42A3-9474-1A3956D46DE8}") = "02. Runtime", "02. Runtime", "{46AADC73-6C25-48B3-AF89-2F603EA16EA1}"
EndProject
Project("{9A19103F-16F7-4668-BE54-9A1E7A4F7556}") = "Coeus.Core", "lib\Coeus\src\Coeus.Core.csproj", "{17702567-1DF1-4FA0-9C36-27B292C62981}"
EndProject
Project("{9A19103F-16F7-4668-BE54-9A1E7A4F7556}") = "FaasNet.Gateway.EF", "src\FaasNet.Gateway.EF\FaasNet.Gateway.EF.csproj", "{E06FDF2D-89CE-48B5-A530-8692390F8F7B}"
EndProject
Project("{9A19103F-16F7-4668-BE54-9A1E7A4F7556}") = "FaasNet.Bus.Startup", "src\FaasNet.Bus.Startup\FaasNet.Bus.Startup.csproj", "{9DEBEE4B-C360-4517-A97F-7461C163FDDF}"
EndProject
Project("{9A19103F-16F7-4668-BE54-9A1E7A4F7556}") = "FaasNet.Runtime.Tests", "tests\FaasNet.Runtime.Tests\FaasNet.Runtime.Tests.csproj", "{A35870C0-7553-4A66-95EE-7226535FED0F}"
EndProject
Global
	GlobalSection(SolutionConfigurationPlatforms) = preSolution
		Debug|Any CPU = Debug|Any CPU
		Release|Any CPU = Release|Any CPU
	EndGlobalSection
	GlobalSection(ProjectConfigurationPlatforms) = postSolution
		{2B6F7B44-91D5-44DD-8615-4EE8447F4839}.Debug|Any CPU.ActiveCfg = Debug|Any CPU
		{2B6F7B44-91D5-44DD-8615-4EE8447F4839}.Debug|Any CPU.Build.0 = Debug|Any CPU
		{2B6F7B44-91D5-44DD-8615-4EE8447F4839}.Release|Any CPU.ActiveCfg = Release|Any CPU
		{2B6F7B44-91D5-44DD-8615-4EE8447F4839}.Release|Any CPU.Build.0 = Release|Any CPU
		{65DA8EDF-48A2-4AB5-B93A-6301718F1C1B}.Debug|Any CPU.ActiveCfg = Debug|Any CPU
		{65DA8EDF-48A2-4AB5-B93A-6301718F1C1B}.Debug|Any CPU.Build.0 = Debug|Any CPU
		{65DA8EDF-48A2-4AB5-B93A-6301718F1C1B}.Release|Any CPU.ActiveCfg = Release|Any CPU
		{65DA8EDF-48A2-4AB5-B93A-6301718F1C1B}.Release|Any CPU.Build.0 = Release|Any CPU
		{EDDFD04B-B4F0-47A6-8FD3-628F3F542402}.Debug|Any CPU.ActiveCfg = Debug|Any CPU
		{EDDFD04B-B4F0-47A6-8FD3-628F3F542402}.Debug|Any CPU.Build.0 = Debug|Any CPU
		{EDDFD04B-B4F0-47A6-8FD3-628F3F542402}.Release|Any CPU.ActiveCfg = Release|Any CPU
		{EDDFD04B-B4F0-47A6-8FD3-628F3F542402}.Release|Any CPU.Build.0 = Release|Any CPU
		{6B493287-F29B-4988-A21F-A32EF81DE717}.Debug|Any CPU.ActiveCfg = Debug|Any CPU
		{6B493287-F29B-4988-A21F-A32EF81DE717}.Debug|Any CPU.Build.0 = Debug|Any CPU
		{6B493287-F29B-4988-A21F-A32EF81DE717}.Release|Any CPU.ActiveCfg = Release|Any CPU
		{6B493287-F29B-4988-A21F-A32EF81DE717}.Release|Any CPU.Build.0 = Release|Any CPU
		{EF3FCDDE-0BD4-4D8A-85C9-D7639CD29942}.Debug|Any CPU.ActiveCfg = Debug|Any CPU
		{EF3FCDDE-0BD4-4D8A-85C9-D7639CD29942}.Debug|Any CPU.Build.0 = Debug|Any CPU
		{EF3FCDDE-0BD4-4D8A-85C9-D7639CD29942}.Release|Any CPU.ActiveCfg = Release|Any CPU
		{EF3FCDDE-0BD4-4D8A-85C9-D7639CD29942}.Release|Any CPU.Build.0 = Release|Any CPU
		{1FD1AA96-64C8-49B5-8B46-35E8BF82495B}.Debug|Any CPU.ActiveCfg = Debug|Any CPU
		{1FD1AA96-64C8-49B5-8B46-35E8BF82495B}.Debug|Any CPU.Build.0 = Debug|Any CPU
		{1FD1AA96-64C8-49B5-8B46-35E8BF82495B}.Release|Any CPU.ActiveCfg = Release|Any CPU
		{1FD1AA96-64C8-49B5-8B46-35E8BF82495B}.Release|Any CPU.Build.0 = Release|Any CPU
		{6E815839-411A-4DA7-9269-3271C3159E15}.Debug|Any CPU.ActiveCfg = Debug|Any CPU
		{6E815839-411A-4DA7-9269-3271C3159E15}.Debug|Any CPU.Build.0 = Debug|Any CPU
		{6E815839-411A-4DA7-9269-3271C3159E15}.Release|Any CPU.ActiveCfg = Release|Any CPU
		{6E815839-411A-4DA7-9269-3271C3159E15}.Release|Any CPU.Build.0 = Release|Any CPU
		{D19F1CD9-628D-411E-9FF6-3212B30B70D7}.Debug|Any CPU.ActiveCfg = Debug|Any CPU
		{D19F1CD9-628D-411E-9FF6-3212B30B70D7}.Debug|Any CPU.Build.0 = Debug|Any CPU
		{D19F1CD9-628D-411E-9FF6-3212B30B70D7}.Release|Any CPU.ActiveCfg = Release|Any CPU
		{D19F1CD9-628D-411E-9FF6-3212B30B70D7}.Release|Any CPU.Build.0 = Release|Any CPU
		{EBC898D8-3AF8-4389-A737-593580171352}.Debug|Any CPU.ActiveCfg = Debug|Any CPU
		{EBC898D8-3AF8-4389-A737-593580171352}.Debug|Any CPU.Build.0 = Debug|Any CPU
		{EBC898D8-3AF8-4389-A737-593580171352}.Release|Any CPU.ActiveCfg = Release|Any CPU
		{EBC898D8-3AF8-4389-A737-593580171352}.Release|Any CPU.Build.0 = Release|Any CPU
		{D851F1DA-654F-4782-B6D2-ADB4293D788E}.Debug|Any CPU.ActiveCfg = Debug|Any CPU
		{D851F1DA-654F-4782-B6D2-ADB4293D788E}.Debug|Any CPU.Build.0 = Debug|Any CPU
		{D851F1DA-654F-4782-B6D2-ADB4293D788E}.Release|Any CPU.ActiveCfg = Release|Any CPU
		{D851F1DA-654F-4782-B6D2-ADB4293D788E}.Release|Any CPU.Build.0 = Release|Any CPU
		{17702567-1DF1-4FA0-9C36-27B292C62981}.Debug|Any CPU.ActiveCfg = Debug|Any CPU
		{17702567-1DF1-4FA0-9C36-27B292C62981}.Debug|Any CPU.Build.0 = Debug|Any CPU
		{17702567-1DF1-4FA0-9C36-27B292C62981}.Release|Any CPU.ActiveCfg = Release|Any CPU
		{17702567-1DF1-4FA0-9C36-27B292C62981}.Release|Any CPU.Build.0 = Release|Any CPU
		{E06FDF2D-89CE-48B5-A530-8692390F8F7B}.Debug|Any CPU.ActiveCfg = Debug|Any CPU
		{E06FDF2D-89CE-48B5-A530-8692390F8F7B}.Debug|Any CPU.Build.0 = Debug|Any CPU
		{E06FDF2D-89CE-48B5-A530-8692390F8F7B}.Release|Any CPU.ActiveCfg = Release|Any CPU
		{E06FDF2D-89CE-48B5-A530-8692390F8F7B}.Release|Any CPU.Build.0 = Release|Any CPU
		{9DEBEE4B-C360-4517-A97F-7461C163FDDF}.Debug|Any CPU.ActiveCfg = Debug|Any CPU
		{9DEBEE4B-C360-4517-A97F-7461C163FDDF}.Debug|Any CPU.Build.0 = Debug|Any CPU
		{9DEBEE4B-C360-4517-A97F-7461C163FDDF}.Release|Any CPU.ActiveCfg = Release|Any CPU
		{9DEBEE4B-C360-4517-A97F-7461C163FDDF}.Release|Any CPU.Build.0 = Release|Any CPU
		{A35870C0-7553-4A66-95EE-7226535FED0F}.Debug|Any CPU.ActiveCfg = Debug|Any CPU
		{A35870C0-7553-4A66-95EE-7226535FED0F}.Debug|Any CPU.Build.0 = Debug|Any CPU
		{A35870C0-7553-4A66-95EE-7226535FED0F}.Release|Any CPU.ActiveCfg = Release|Any CPU
		{A35870C0-7553-4A66-95EE-7226535FED0F}.Release|Any CPU.Build.0 = Release|Any CPU
	EndGlobalSection
	GlobalSection(SolutionProperties) = preSolution
		HideSolutionNode = FALSE
	EndGlobalSection
	GlobalSection(NestedProjects) = preSolution
		{2B6F7B44-91D5-44DD-8615-4EE8447F4839} = {B0C38F6D-3F83-458A-A493-428AB3DD9F85}
		{65DA8EDF-48A2-4AB5-B93A-6301718F1C1B} = {8D35E32C-AB12-44C8-8FAF-D9FF8CF805B7}
		{EDDFD04B-B4F0-47A6-8FD3-628F3F542402} = {B0C38F6D-3F83-458A-A493-428AB3DD9F85}
		{6B493287-F29B-4988-A21F-A32EF81DE717} = {B0C38F6D-3F83-458A-A493-428AB3DD9F85}
		{EF3FCDDE-0BD4-4D8A-85C9-D7639CD29942} = {1064A767-7322-4A14-BFD4-97FDD40E76B4}
		{1FD1AA96-64C8-49B5-8B46-35E8BF82495B} = {E407AB8F-BDC8-4084-BE20-B4442CFE5EE9}
		{6E815839-411A-4DA7-9269-3271C3159E15} = {E407AB8F-BDC8-4084-BE20-B4442CFE5EE9}
		{D19F1CD9-628D-411E-9FF6-3212B30B70D7} = {46AADC73-6C25-48B3-AF89-2F603EA16EA1}
		{EBC898D8-3AF8-4389-A737-593580171352} = {46AADC73-6C25-48B3-AF89-2F603EA16EA1}
		{D851F1DA-654F-4782-B6D2-ADB4293D788E} = {B0C38F6D-3F83-458A-A493-428AB3DD9F85}
		{8D35E32C-AB12-44C8-8FAF-D9FF8CF805B7} = {1064A767-7322-4A14-BFD4-97FDD40E76B4}
		{46AADC73-6C25-48B3-AF89-2F603EA16EA1} = {1064A767-7322-4A14-BFD4-97FDD40E76B4}
		{17702567-1DF1-4FA0-9C36-27B292C62981} = {1064A767-7322-4A14-BFD4-97FDD40E76B4}
		{E06FDF2D-89CE-48B5-A530-8692390F8F7B} = {8D35E32C-AB12-44C8-8FAF-D9FF8CF805B7}
		{9DEBEE4B-C360-4517-A97F-7461C163FDDF} = {B0C38F6D-3F83-458A-A493-428AB3DD9F85}
		{A35870C0-7553-4A66-95EE-7226535FED0F} = {472FC125-267E-422D-AFFE-E33C5FFB3344}
	EndGlobalSection
	GlobalSection(ExtensibilityGlobals) = postSolution
		SolutionGuid = {46764455-0D10-4266-9C37-35D7BD67517C}
	EndGlobalSection
EndGlobal
