
Microsoft Visual Studio Solution File, Format Version 12.00
# Visual Studio Version 17
VisualStudioVersion = 17.1.32328.378
MinimumVisualStudioVersion = 10.0.40219.1
Project("{2150E333-8FDC-42A3-9474-1A3956D46DE8}") = "02. Core Layer", "02. Core Layer", "{6E495E0A-0DC8-4E42-8C58-3C48506D3D24}"
EndProject
Project("{2150E333-8FDC-42A3-9474-1A3956D46DE8}") = "04. Testing Layer", "04. Testing Layer", "{2A14F697-FFC8-402F-82B4-8128FE897DC9}"
EndProject
Project("{2150E333-8FDC-42A3-9474-1A3956D46DE8}") = "03. Startup Layer", "03. Startup Layer", "{20A0BD99-A4F3-4FD5-A6FA-1935D7464DB8}"
EndProject
Project("{9A19103F-16F7-4668-BE54-9A1E7A4F7556}") = "FaasNet.EventMesh.Runtime.Tests", "tests\FaasNet.EventMesh.Runtime.Tests\FaasNet.EventMesh.Runtime.Tests.csproj", "{AA3F0C66-7575-47D9-B45E-6B38F78E632D}"
EndProject
Project("{9A19103F-16F7-4668-BE54-9A1E7A4F7556}") = "FaasNet.EventMesh.Runtime", "src\EventMesh\FaasNet.EventMesh.Runtime\FaasNet.EventMesh.Runtime.csproj", "{01F03240-2025-4F1B-B1F6-76A8FD694784}"
EndProject
Project("{9A19103F-16F7-4668-BE54-9A1E7A4F7556}") = "FaasNet.EventMesh.Runtime.AMQP", "src\EventMesh\FaasNet.EventMesh.Runtime.AMQP\FaasNet.EventMesh.Runtime.AMQP.csproj", "{E626295B-78F4-460A-96BF-7E889993ACC0}"
EndProject
Project("{9A19103F-16F7-4668-BE54-9A1E7A4F7556}") = "FaasNet.EventMesh.Runtime.EF", "src\EventMesh\FaasNet.EventMesh.Runtime.EF\FaasNet.EventMesh.Runtime.EF.csproj", "{66C10AF0-C0AF-4FC0-A397-1267B513960B}"
EndProject
Project("{9A19103F-16F7-4668-BE54-9A1E7A4F7556}") = "FaasNet.EventMesh.Runtime.Kafka", "src\EventMesh\FaasNet.EventMesh.Runtime.Kafka\FaasNet.EventMesh.Runtime.Kafka.csproj", "{E03361DA-DFB2-4DC0-A6D6-0F3306891EB4}"
EndProject
Project("{9A19103F-16F7-4668-BE54-9A1E7A4F7556}") = "FaasNet.EventMesh.Runtime.Client", "src\EventMesh\FaasNet.EventMesh.Runtime.Client\FaasNet.EventMesh.Runtime.Client.csproj", "{F23B85E6-41DD-4B8A-982D-5ECD27878CD1}"
EndProject
Project("{9A19103F-16F7-4668-BE54-9A1E7A4F7556}") = "FaasNet.EventMesh.Runtime.Website", "src\EventMesh\FaasNet.EventMesh.Runtime.Website\FaasNet.EventMesh.Runtime.Website.csproj", "{0E50F0C2-5E8B-4F4F-90B5-CC9EE62805B1}"
EndProject
Project("{9A19103F-16F7-4668-BE54-9A1E7A4F7556}") = "FaasNet.EventMesh.Client", "src\EventMesh\FaasNet.EventMesh.Client\FaasNet.EventMesh.Client.csproj", "{3A26857C-8F60-4BC2-8B9C-56BEE26B59BF}"
EndProject
Project("{9A19103F-16F7-4668-BE54-9A1E7A4F7556}") = "OpenTelemetry.Exporter.OpenTelemetryProtocol", "src\EventMesh\OpenTelemetry.Exporter.OpenTelemetryProtocol\OpenTelemetry.Exporter.OpenTelemetryProtocol.csproj", "{33040232-E628-448D-B85F-BC68D757D24B}"
EndProject
Project("{9A19103F-16F7-4668-BE54-9A1E7A4F7556}") = "OpenTelemetry.Exporter.OpenTelemetryProtocol.Logs", "src\EventMesh\OpenTelemetry.Exporter.OpenTelemetryProtocol.Logs\OpenTelemetry.Exporter.OpenTelemetryProtocol.Logs.csproj", "{1186F448-3722-443F-A0C8-A0D4216D23D9}"
EndProject
Project("{2150E333-8FDC-42A3-9474-1A3956D46DE8}") = "00. OpenTelemetry", "00. OpenTelemetry", "{3A7C8C56-A93C-4722-9397-EF82EB5E4655}"
EndProject
Project("{9A19103F-16F7-4668-BE54-9A1E7A4F7556}") = "FaasNet.EventMesh.IntegrationEvents", "src\EventMesh\FaasNet.EventMesh.IntegrationEvents\FaasNet.EventMesh.IntegrationEvents.csproj", "{BE0F462B-1C13-4160-8A71-7FCDDE0C6BF3}"
EndProject
Project("{2150E333-8FDC-42A3-9474-1A3956D46DE8}") = "01. Raft consensus Layer", "01. Raft consensus Layer", "{7A13262A-D1E6-4210-BA95-03A0741CBFA4}"
EndProject
Project("{9A19103F-16F7-4668-BE54-9A1E7A4F7556}") = "FaasNet.RaftConsensus.Core", "src\RaftConsensus\FaasNet.RaftConsensus.Core\FaasNet.RaftConsensus.Core.csproj", "{69259CDF-1E32-4310-9155-BC095FFDBECD}"
EndProject
Project("{9A19103F-16F7-4668-BE54-9A1E7A4F7556}") = "FaasNet.RaftConsensus.Client", "src\RaftConsensus\FaasNet.RaftConsensus.Client\FaasNet.RaftConsensus.Client.csproj", "{9FD70B89-220D-47E7-958D-E10F493F9436}"
EndProject
Project("{9A19103F-16F7-4668-BE54-9A1E7A4F7556}") = "FaasNet.EventMesh.Runtime.Console", "src\EventMesh\FaasNet.EventMesh.Runtime.Console\FaasNet.EventMesh.Runtime.Console.csproj", "{C212B250-18DD-4F63-B0B3-003FA45A8A9A}"
EndProject
Global
	GlobalSection(SolutionConfigurationPlatforms) = preSolution
		Debug|Any CPU = Debug|Any CPU
		Release|Any CPU = Release|Any CPU
	EndGlobalSection
	GlobalSection(ProjectConfigurationPlatforms) = postSolution
		{AA3F0C66-7575-47D9-B45E-6B38F78E632D}.Debug|Any CPU.ActiveCfg = Debug|Any CPU
		{AA3F0C66-7575-47D9-B45E-6B38F78E632D}.Debug|Any CPU.Build.0 = Debug|Any CPU
		{AA3F0C66-7575-47D9-B45E-6B38F78E632D}.Release|Any CPU.ActiveCfg = Release|Any CPU
		{AA3F0C66-7575-47D9-B45E-6B38F78E632D}.Release|Any CPU.Build.0 = Release|Any CPU
		{01F03240-2025-4F1B-B1F6-76A8FD694784}.Debug|Any CPU.ActiveCfg = Debug|Any CPU
		{01F03240-2025-4F1B-B1F6-76A8FD694784}.Debug|Any CPU.Build.0 = Debug|Any CPU
		{01F03240-2025-4F1B-B1F6-76A8FD694784}.Release|Any CPU.ActiveCfg = Release|Any CPU
		{01F03240-2025-4F1B-B1F6-76A8FD694784}.Release|Any CPU.Build.0 = Release|Any CPU
		{E626295B-78F4-460A-96BF-7E889993ACC0}.Debug|Any CPU.ActiveCfg = Debug|Any CPU
		{E626295B-78F4-460A-96BF-7E889993ACC0}.Debug|Any CPU.Build.0 = Debug|Any CPU
		{E626295B-78F4-460A-96BF-7E889993ACC0}.Release|Any CPU.ActiveCfg = Release|Any CPU
		{E626295B-78F4-460A-96BF-7E889993ACC0}.Release|Any CPU.Build.0 = Release|Any CPU
		{66C10AF0-C0AF-4FC0-A397-1267B513960B}.Debug|Any CPU.ActiveCfg = Debug|Any CPU
		{66C10AF0-C0AF-4FC0-A397-1267B513960B}.Debug|Any CPU.Build.0 = Debug|Any CPU
		{66C10AF0-C0AF-4FC0-A397-1267B513960B}.Release|Any CPU.ActiveCfg = Release|Any CPU
		{66C10AF0-C0AF-4FC0-A397-1267B513960B}.Release|Any CPU.Build.0 = Release|Any CPU
		{E03361DA-DFB2-4DC0-A6D6-0F3306891EB4}.Debug|Any CPU.ActiveCfg = Debug|Any CPU
		{E03361DA-DFB2-4DC0-A6D6-0F3306891EB4}.Debug|Any CPU.Build.0 = Debug|Any CPU
		{E03361DA-DFB2-4DC0-A6D6-0F3306891EB4}.Release|Any CPU.ActiveCfg = Release|Any CPU
		{E03361DA-DFB2-4DC0-A6D6-0F3306891EB4}.Release|Any CPU.Build.0 = Release|Any CPU
		{F23B85E6-41DD-4B8A-982D-5ECD27878CD1}.Debug|Any CPU.ActiveCfg = Debug|Any CPU
		{F23B85E6-41DD-4B8A-982D-5ECD27878CD1}.Debug|Any CPU.Build.0 = Debug|Any CPU
		{F23B85E6-41DD-4B8A-982D-5ECD27878CD1}.Release|Any CPU.ActiveCfg = Release|Any CPU
		{F23B85E6-41DD-4B8A-982D-5ECD27878CD1}.Release|Any CPU.Build.0 = Release|Any CPU
		{0E50F0C2-5E8B-4F4F-90B5-CC9EE62805B1}.Debug|Any CPU.ActiveCfg = Debug|Any CPU
		{0E50F0C2-5E8B-4F4F-90B5-CC9EE62805B1}.Debug|Any CPU.Build.0 = Debug|Any CPU
		{0E50F0C2-5E8B-4F4F-90B5-CC9EE62805B1}.Release|Any CPU.ActiveCfg = Release|Any CPU
		{0E50F0C2-5E8B-4F4F-90B5-CC9EE62805B1}.Release|Any CPU.Build.0 = Release|Any CPU
		{3A26857C-8F60-4BC2-8B9C-56BEE26B59BF}.Debug|Any CPU.ActiveCfg = Debug|Any CPU
		{3A26857C-8F60-4BC2-8B9C-56BEE26B59BF}.Debug|Any CPU.Build.0 = Debug|Any CPU
		{3A26857C-8F60-4BC2-8B9C-56BEE26B59BF}.Release|Any CPU.ActiveCfg = Release|Any CPU
		{3A26857C-8F60-4BC2-8B9C-56BEE26B59BF}.Release|Any CPU.Build.0 = Release|Any CPU
		{33040232-E628-448D-B85F-BC68D757D24B}.Debug|Any CPU.ActiveCfg = Debug|Any CPU
		{33040232-E628-448D-B85F-BC68D757D24B}.Debug|Any CPU.Build.0 = Debug|Any CPU
		{33040232-E628-448D-B85F-BC68D757D24B}.Release|Any CPU.ActiveCfg = Release|Any CPU
		{33040232-E628-448D-B85F-BC68D757D24B}.Release|Any CPU.Build.0 = Release|Any CPU
		{1186F448-3722-443F-A0C8-A0D4216D23D9}.Debug|Any CPU.ActiveCfg = Debug|Any CPU
		{1186F448-3722-443F-A0C8-A0D4216D23D9}.Debug|Any CPU.Build.0 = Debug|Any CPU
		{1186F448-3722-443F-A0C8-A0D4216D23D9}.Release|Any CPU.ActiveCfg = Release|Any CPU
		{1186F448-3722-443F-A0C8-A0D4216D23D9}.Release|Any CPU.Build.0 = Release|Any CPU
		{BE0F462B-1C13-4160-8A71-7FCDDE0C6BF3}.Debug|Any CPU.ActiveCfg = Debug|Any CPU
		{BE0F462B-1C13-4160-8A71-7FCDDE0C6BF3}.Debug|Any CPU.Build.0 = Debug|Any CPU
		{BE0F462B-1C13-4160-8A71-7FCDDE0C6BF3}.Release|Any CPU.ActiveCfg = Release|Any CPU
		{BE0F462B-1C13-4160-8A71-7FCDDE0C6BF3}.Release|Any CPU.Build.0 = Release|Any CPU
		{69259CDF-1E32-4310-9155-BC095FFDBECD}.Debug|Any CPU.ActiveCfg = Debug|Any CPU
		{69259CDF-1E32-4310-9155-BC095FFDBECD}.Debug|Any CPU.Build.0 = Debug|Any CPU
		{69259CDF-1E32-4310-9155-BC095FFDBECD}.Release|Any CPU.ActiveCfg = Release|Any CPU
		{69259CDF-1E32-4310-9155-BC095FFDBECD}.Release|Any CPU.Build.0 = Release|Any CPU
		{9FD70B89-220D-47E7-958D-E10F493F9436}.Debug|Any CPU.ActiveCfg = Debug|Any CPU
		{9FD70B89-220D-47E7-958D-E10F493F9436}.Debug|Any CPU.Build.0 = Debug|Any CPU
		{9FD70B89-220D-47E7-958D-E10F493F9436}.Release|Any CPU.ActiveCfg = Release|Any CPU
		{9FD70B89-220D-47E7-958D-E10F493F9436}.Release|Any CPU.Build.0 = Release|Any CPU
		{C212B250-18DD-4F63-B0B3-003FA45A8A9A}.Debug|Any CPU.ActiveCfg = Debug|Any CPU
		{C212B250-18DD-4F63-B0B3-003FA45A8A9A}.Debug|Any CPU.Build.0 = Debug|Any CPU
		{C212B250-18DD-4F63-B0B3-003FA45A8A9A}.Release|Any CPU.ActiveCfg = Release|Any CPU
		{C212B250-18DD-4F63-B0B3-003FA45A8A9A}.Release|Any CPU.Build.0 = Release|Any CPU
	EndGlobalSection
	GlobalSection(SolutionProperties) = preSolution
		HideSolutionNode = FALSE
	EndGlobalSection
	GlobalSection(NestedProjects) = preSolution
		{AA3F0C66-7575-47D9-B45E-6B38F78E632D} = {2A14F697-FFC8-402F-82B4-8128FE897DC9}
		{01F03240-2025-4F1B-B1F6-76A8FD694784} = {6E495E0A-0DC8-4E42-8C58-3C48506D3D24}
		{E626295B-78F4-460A-96BF-7E889993ACC0} = {6E495E0A-0DC8-4E42-8C58-3C48506D3D24}
		{66C10AF0-C0AF-4FC0-A397-1267B513960B} = {6E495E0A-0DC8-4E42-8C58-3C48506D3D24}
		{E03361DA-DFB2-4DC0-A6D6-0F3306891EB4} = {6E495E0A-0DC8-4E42-8C58-3C48506D3D24}
		{F23B85E6-41DD-4B8A-982D-5ECD27878CD1} = {20A0BD99-A4F3-4FD5-A6FA-1935D7464DB8}
		{0E50F0C2-5E8B-4F4F-90B5-CC9EE62805B1} = {20A0BD99-A4F3-4FD5-A6FA-1935D7464DB8}
		{3A26857C-8F60-4BC2-8B9C-56BEE26B59BF} = {6E495E0A-0DC8-4E42-8C58-3C48506D3D24}
		{33040232-E628-448D-B85F-BC68D757D24B} = {3A7C8C56-A93C-4722-9397-EF82EB5E4655}
		{1186F448-3722-443F-A0C8-A0D4216D23D9} = {3A7C8C56-A93C-4722-9397-EF82EB5E4655}
		{BE0F462B-1C13-4160-8A71-7FCDDE0C6BF3} = {6E495E0A-0DC8-4E42-8C58-3C48506D3D24}
		{69259CDF-1E32-4310-9155-BC095FFDBECD} = {7A13262A-D1E6-4210-BA95-03A0741CBFA4}
		{9FD70B89-220D-47E7-958D-E10F493F9436} = {7A13262A-D1E6-4210-BA95-03A0741CBFA4}
		{C212B250-18DD-4F63-B0B3-003FA45A8A9A} = {20A0BD99-A4F3-4FD5-A6FA-1935D7464DB8}
	EndGlobalSection
	GlobalSection(ExtensibilityGlobals) = postSolution
		SolutionGuid = {B9BD3B8C-B2C9-468F-BF54-66BFE9B565EC}
	EndGlobalSection
EndGlobal
