
Microsoft Visual Studio Solution File, Format Version 12.00
# Visual Studio Version 17
VisualStudioVersion = 17.1.32328.378
MinimumVisualStudioVersion = 10.0.40219.1
Project("{2150E333-8FDC-42A3-9474-1A3956D46DE8}") = "01. Core Layer", "01. Core Layer", "{5C5A8E54-DE20-4284-9FC5-F051B296A57A}"
EndProject
Project("{9A19103F-16F7-4668-BE54-9A1E7A4F7556}") = "FaasNet.RaftConsensus.Core", "src\RaftConsensus\FaasNet.RaftConsensus.Core\FaasNet.RaftConsensus.Core.csproj", "{0E063E33-1F05-405A-9C0B-71AE41F90867}"
EndProject
Project("{9A19103F-16F7-4668-BE54-9A1E7A4F7556}") = "FaasNet.RaftConsensus.Client", "src\RaftConsensus\FaasNet.RaftConsensus.Client\FaasNet.RaftConsensus.Client.csproj", "{2B97E828-2036-4255-9679-48AD308C1328}"
EndProject
Project("{2150E333-8FDC-42A3-9474-1A3956D46DE8}") = "02. Testing Layer", "02. Testing Layer", "{D63393ED-CE18-4AAF-8AED-E57FBF50FD0B}"
EndProject
Project("{9A19103F-16F7-4668-BE54-9A1E7A4F7556}") = "FaasNet.RaftConsensus.Tests", "tests\FaasNet.RaftConsensus.Tests\FaasNet.RaftConsensus.Tests.csproj", "{004750A0-51B3-4AF6-8526-4782D39FD4BB}"
EndProject
Project("{9A19103F-16F7-4668-BE54-9A1E7A4F7556}") = "FaasNet.Common", "src\Common\FaasNet.Common\FaasNet.Common.csproj", "{7FD1CA87-582E-4ABA-90EE-6DBC4AF208C9}"
EndProject
Project("{2150E333-8FDC-42A3-9474-1A3956D46DE8}") = "00. Common Layer", "00. Common Layer", "{519E0E93-8468-40B7-A65D-506A3FE7D0B4}"
EndProject
Project("{9A19103F-16F7-4668-BE54-9A1E7A4F7556}") = "FaasNet.Peer", "src\Common\FaasNet.Peer\FaasNet.Peer.csproj", "{CE916D4A-0C19-4E1B-BA95-0053944AD248}"
EndProject
Project("{9A19103F-16F7-4668-BE54-9A1E7A4F7556}") = "FaasNet.Peer.Client", "src\Common\FaasNet.Peer.Client\FaasNet.Peer.Client.csproj", "{5C4E27C1-CA42-4CF7-9210-6B23F102B5F4}"
EndProject
Project("{2150E333-8FDC-42A3-9474-1A3956D46DE8}") = "02. Startup Layer", "02. Startup Layer", "{2563A01E-68BC-4635-969A-6F97B401A355}"
EndProject
Project("{9A19103F-16F7-4668-BE54-9A1E7A4F7556}") = "FaasNet.RaftConsensus.Service", "src\RaftConsensus\FaasNet.RaftConsensus.Service\FaasNet.RaftConsensus.Service.csproj", "{971DA155-57D3-4B23-AA43-5C2C14B7F121}"
EndProject
Project("{9A19103F-16F7-4668-BE54-9A1E7A4F7556}") = "FaasNet.RaftConsensus.RocksDB", "src\RaftConsensus\FaasNet.RaftConsensus.RocksDB\FaasNet.RaftConsensus.RocksDB.csproj", "{825BECCE-6764-43BF-82E5-247B525BCB60}"
EndProject
Project("{9A19103F-16F7-4668-BE54-9A1E7A4F7556}") = "FaasNet.Partition", "src\Common\FaasNet.Partition\FaasNet.Partition.csproj", "{02740DBC-77AF-4384-AF92-BCD5EBD9E371}"
EndProject
Project("{9A19103F-16F7-4668-BE54-9A1E7A4F7556}") = "FaasNet.Partition.Client", "src\Common\FaasNet.Partition.Client\FaasNet.Partition.Client.csproj", "{BC25C5A3-4FE1-4FE4-AEF2-615BB934D8DC}"
EndProject
Global
	GlobalSection(SolutionConfigurationPlatforms) = preSolution
		Debug|Any CPU = Debug|Any CPU
		Release|Any CPU = Release|Any CPU
	EndGlobalSection
	GlobalSection(ProjectConfigurationPlatforms) = postSolution
		{0E063E33-1F05-405A-9C0B-71AE41F90867}.Debug|Any CPU.ActiveCfg = Debug|Any CPU
		{0E063E33-1F05-405A-9C0B-71AE41F90867}.Debug|Any CPU.Build.0 = Debug|Any CPU
		{0E063E33-1F05-405A-9C0B-71AE41F90867}.Release|Any CPU.ActiveCfg = Release|Any CPU
		{0E063E33-1F05-405A-9C0B-71AE41F90867}.Release|Any CPU.Build.0 = Release|Any CPU
		{2B97E828-2036-4255-9679-48AD308C1328}.Debug|Any CPU.ActiveCfg = Debug|Any CPU
		{2B97E828-2036-4255-9679-48AD308C1328}.Debug|Any CPU.Build.0 = Debug|Any CPU
		{2B97E828-2036-4255-9679-48AD308C1328}.Release|Any CPU.ActiveCfg = Release|Any CPU
		{2B97E828-2036-4255-9679-48AD308C1328}.Release|Any CPU.Build.0 = Release|Any CPU
		{004750A0-51B3-4AF6-8526-4782D39FD4BB}.Debug|Any CPU.ActiveCfg = Debug|Any CPU
		{004750A0-51B3-4AF6-8526-4782D39FD4BB}.Debug|Any CPU.Build.0 = Debug|Any CPU
		{004750A0-51B3-4AF6-8526-4782D39FD4BB}.Release|Any CPU.ActiveCfg = Release|Any CPU
		{004750A0-51B3-4AF6-8526-4782D39FD4BB}.Release|Any CPU.Build.0 = Release|Any CPU
		{7FD1CA87-582E-4ABA-90EE-6DBC4AF208C9}.Debug|Any CPU.ActiveCfg = Debug|Any CPU
		{7FD1CA87-582E-4ABA-90EE-6DBC4AF208C9}.Debug|Any CPU.Build.0 = Debug|Any CPU
		{7FD1CA87-582E-4ABA-90EE-6DBC4AF208C9}.Release|Any CPU.ActiveCfg = Release|Any CPU
		{7FD1CA87-582E-4ABA-90EE-6DBC4AF208C9}.Release|Any CPU.Build.0 = Release|Any CPU
		{CE916D4A-0C19-4E1B-BA95-0053944AD248}.Debug|Any CPU.ActiveCfg = Debug|Any CPU
		{CE916D4A-0C19-4E1B-BA95-0053944AD248}.Debug|Any CPU.Build.0 = Debug|Any CPU
		{CE916D4A-0C19-4E1B-BA95-0053944AD248}.Release|Any CPU.ActiveCfg = Release|Any CPU
		{CE916D4A-0C19-4E1B-BA95-0053944AD248}.Release|Any CPU.Build.0 = Release|Any CPU
		{5C4E27C1-CA42-4CF7-9210-6B23F102B5F4}.Debug|Any CPU.ActiveCfg = Debug|Any CPU
		{5C4E27C1-CA42-4CF7-9210-6B23F102B5F4}.Debug|Any CPU.Build.0 = Debug|Any CPU
		{5C4E27C1-CA42-4CF7-9210-6B23F102B5F4}.Release|Any CPU.ActiveCfg = Release|Any CPU
		{5C4E27C1-CA42-4CF7-9210-6B23F102B5F4}.Release|Any CPU.Build.0 = Release|Any CPU
		{971DA155-57D3-4B23-AA43-5C2C14B7F121}.Debug|Any CPU.ActiveCfg = Debug|Any CPU
		{971DA155-57D3-4B23-AA43-5C2C14B7F121}.Debug|Any CPU.Build.0 = Debug|Any CPU
		{971DA155-57D3-4B23-AA43-5C2C14B7F121}.Release|Any CPU.ActiveCfg = Release|Any CPU
		{971DA155-57D3-4B23-AA43-5C2C14B7F121}.Release|Any CPU.Build.0 = Release|Any CPU
		{825BECCE-6764-43BF-82E5-247B525BCB60}.Debug|Any CPU.ActiveCfg = Debug|Any CPU
		{825BECCE-6764-43BF-82E5-247B525BCB60}.Debug|Any CPU.Build.0 = Debug|Any CPU
		{825BECCE-6764-43BF-82E5-247B525BCB60}.Release|Any CPU.ActiveCfg = Release|Any CPU
		{825BECCE-6764-43BF-82E5-247B525BCB60}.Release|Any CPU.Build.0 = Release|Any CPU
		{02740DBC-77AF-4384-AF92-BCD5EBD9E371}.Debug|Any CPU.ActiveCfg = Debug|Any CPU
		{02740DBC-77AF-4384-AF92-BCD5EBD9E371}.Debug|Any CPU.Build.0 = Debug|Any CPU
		{02740DBC-77AF-4384-AF92-BCD5EBD9E371}.Release|Any CPU.ActiveCfg = Release|Any CPU
		{02740DBC-77AF-4384-AF92-BCD5EBD9E371}.Release|Any CPU.Build.0 = Release|Any CPU
		{BC25C5A3-4FE1-4FE4-AEF2-615BB934D8DC}.Debug|Any CPU.ActiveCfg = Debug|Any CPU
		{BC25C5A3-4FE1-4FE4-AEF2-615BB934D8DC}.Debug|Any CPU.Build.0 = Debug|Any CPU
		{BC25C5A3-4FE1-4FE4-AEF2-615BB934D8DC}.Release|Any CPU.ActiveCfg = Release|Any CPU
		{BC25C5A3-4FE1-4FE4-AEF2-615BB934D8DC}.Release|Any CPU.Build.0 = Release|Any CPU
	EndGlobalSection
	GlobalSection(SolutionProperties) = preSolution
		HideSolutionNode = FALSE
	EndGlobalSection
	GlobalSection(NestedProjects) = preSolution
		{0E063E33-1F05-405A-9C0B-71AE41F90867} = {5C5A8E54-DE20-4284-9FC5-F051B296A57A}
		{2B97E828-2036-4255-9679-48AD308C1328} = {5C5A8E54-DE20-4284-9FC5-F051B296A57A}
		{004750A0-51B3-4AF6-8526-4782D39FD4BB} = {D63393ED-CE18-4AAF-8AED-E57FBF50FD0B}
		{7FD1CA87-582E-4ABA-90EE-6DBC4AF208C9} = {519E0E93-8468-40B7-A65D-506A3FE7D0B4}
		{CE916D4A-0C19-4E1B-BA95-0053944AD248} = {519E0E93-8468-40B7-A65D-506A3FE7D0B4}
		{5C4E27C1-CA42-4CF7-9210-6B23F102B5F4} = {519E0E93-8468-40B7-A65D-506A3FE7D0B4}
		{971DA155-57D3-4B23-AA43-5C2C14B7F121} = {2563A01E-68BC-4635-969A-6F97B401A355}
		{825BECCE-6764-43BF-82E5-247B525BCB60} = {5C5A8E54-DE20-4284-9FC5-F051B296A57A}
		{02740DBC-77AF-4384-AF92-BCD5EBD9E371} = {519E0E93-8468-40B7-A65D-506A3FE7D0B4}
		{BC25C5A3-4FE1-4FE4-AEF2-615BB934D8DC} = {519E0E93-8468-40B7-A65D-506A3FE7D0B4}
	EndGlobalSection
	GlobalSection(ExtensibilityGlobals) = postSolution
		SolutionGuid = {6A27C5EC-5C72-4BDD-908E-439CC843D258}
	EndGlobalSection
EndGlobal
