
Microsoft Visual Studio Solution File, Format Version 12.00
# Visual Studio Version 16
VisualStudioVersion = 16.0.29503.13
MinimumVisualStudioVersion = 10.0.40219.1
Project("{2150E333-8FDC-42A3-9474-1A3956D46DE8}") = "01. Core Layer", "01. Core Layer", "{6E495E0A-0DC8-4E42-8C58-3C48506D3D24}"
EndProject
Project("{2150E333-8FDC-42A3-9474-1A3956D46DE8}") = "03. Testing Layer", "03. Testing Layer", "{2A14F697-FFC8-402F-82B4-8128FE897DC9}"
EndProject
Project("{2150E333-8FDC-42A3-9474-1A3956D46DE8}") = "02. Startup Layer", "02. Startup Layer", "{20A0BD99-A4F3-4FD5-A6FA-1935D7464DB8}"
EndProject
Project("{9A19103F-16F7-4668-BE54-9A1E7A4F7556}") = "FaasNet.EventMesh.Runtime", "src\FaasNet.EventMesh.Runtime\FaasNet.EventMesh.Runtime.csproj", "{4DFAF3E8-CF25-4964-AD0B-28BCE0072C4C}"
EndProject
Project("{9A19103F-16F7-4668-BE54-9A1E7A4F7556}") = "FaasNet.EventMesh.Runtime.AMQP", "src\FaasNet.EventMesh.Runtime.AMQP\FaasNet.EventMesh.Runtime.AMQP.csproj", "{B119B51E-734A-4C6D-9151-91B9D8AF2ADF}"
EndProject
Project("{9A19103F-16F7-4668-BE54-9A1E7A4F7556}") = "FaasNet.EventMesh.Runtime.EF", "src\FaasNet.EventMesh.Runtime.EF\FaasNet.EventMesh.Runtime.EF.csproj", "{F0C1F3F6-0070-45B9-8660-DF72EA7E4EAC}"
EndProject
Project("{9A19103F-16F7-4668-BE54-9A1E7A4F7556}") = "FaasNet.EventMesh.Runtime.Kafka", "src\FaasNet.EventMesh.Runtime.Kafka\FaasNet.EventMesh.Runtime.Kafka.csproj", "{F5B374A3-4075-4370-AD3E-706E561F682A}"
EndProject
Project("{9A19103F-16F7-4668-BE54-9A1E7A4F7556}") = "FaasNet.EventMesh.Runtime.Client", "src\FaasNet.EventMesh.Runtime.Client\FaasNet.EventMesh.Runtime.Client.csproj", "{B096A6A4-AC8C-47AC-99E4-65AB1F98F71E}"
EndProject
Project("{9A19103F-16F7-4668-BE54-9A1E7A4F7556}") = "FaasNet.EventMesh.Runtime.Website", "src\FaasNet.EventMesh.Runtime.Website\FaasNet.EventMesh.Runtime.Website.csproj", "{E587A5E8-F146-45B8-84E8-45FB2D736D2A}"
EndProject
Project("{9A19103F-16F7-4668-BE54-9A1E7A4F7556}") = "FaasNet.EventMesh.Runtime.Tests", "tests\FaasNet.EventMesh.Runtime.Tests\FaasNet.EventMesh.Runtime.Tests.csproj", "{AA3F0C66-7575-47D9-B45E-6B38F78E632D}"
EndProject
Global
	GlobalSection(SolutionConfigurationPlatforms) = preSolution
		Debug|Any CPU = Debug|Any CPU
		Release|Any CPU = Release|Any CPU
	EndGlobalSection
	GlobalSection(ProjectConfigurationPlatforms) = postSolution
		{4DFAF3E8-CF25-4964-AD0B-28BCE0072C4C}.Debug|Any CPU.ActiveCfg = Debug|Any CPU
		{4DFAF3E8-CF25-4964-AD0B-28BCE0072C4C}.Debug|Any CPU.Build.0 = Debug|Any CPU
		{4DFAF3E8-CF25-4964-AD0B-28BCE0072C4C}.Release|Any CPU.ActiveCfg = Release|Any CPU
		{4DFAF3E8-CF25-4964-AD0B-28BCE0072C4C}.Release|Any CPU.Build.0 = Release|Any CPU
		{B119B51E-734A-4C6D-9151-91B9D8AF2ADF}.Debug|Any CPU.ActiveCfg = Debug|Any CPU
		{B119B51E-734A-4C6D-9151-91B9D8AF2ADF}.Debug|Any CPU.Build.0 = Debug|Any CPU
		{B119B51E-734A-4C6D-9151-91B9D8AF2ADF}.Release|Any CPU.ActiveCfg = Release|Any CPU
		{B119B51E-734A-4C6D-9151-91B9D8AF2ADF}.Release|Any CPU.Build.0 = Release|Any CPU
		{F0C1F3F6-0070-45B9-8660-DF72EA7E4EAC}.Debug|Any CPU.ActiveCfg = Debug|Any CPU
		{F0C1F3F6-0070-45B9-8660-DF72EA7E4EAC}.Debug|Any CPU.Build.0 = Debug|Any CPU
		{F0C1F3F6-0070-45B9-8660-DF72EA7E4EAC}.Release|Any CPU.ActiveCfg = Release|Any CPU
		{F0C1F3F6-0070-45B9-8660-DF72EA7E4EAC}.Release|Any CPU.Build.0 = Release|Any CPU
		{F5B374A3-4075-4370-AD3E-706E561F682A}.Debug|Any CPU.ActiveCfg = Debug|Any CPU
		{F5B374A3-4075-4370-AD3E-706E561F682A}.Debug|Any CPU.Build.0 = Debug|Any CPU
		{F5B374A3-4075-4370-AD3E-706E561F682A}.Release|Any CPU.ActiveCfg = Release|Any CPU
		{F5B374A3-4075-4370-AD3E-706E561F682A}.Release|Any CPU.Build.0 = Release|Any CPU
		{B096A6A4-AC8C-47AC-99E4-65AB1F98F71E}.Debug|Any CPU.ActiveCfg = Debug|Any CPU
		{B096A6A4-AC8C-47AC-99E4-65AB1F98F71E}.Debug|Any CPU.Build.0 = Debug|Any CPU
		{B096A6A4-AC8C-47AC-99E4-65AB1F98F71E}.Release|Any CPU.ActiveCfg = Release|Any CPU
		{B096A6A4-AC8C-47AC-99E4-65AB1F98F71E}.Release|Any CPU.Build.0 = Release|Any CPU
		{E587A5E8-F146-45B8-84E8-45FB2D736D2A}.Debug|Any CPU.ActiveCfg = Debug|Any CPU
		{E587A5E8-F146-45B8-84E8-45FB2D736D2A}.Debug|Any CPU.Build.0 = Debug|Any CPU
		{E587A5E8-F146-45B8-84E8-45FB2D736D2A}.Release|Any CPU.ActiveCfg = Release|Any CPU
		{E587A5E8-F146-45B8-84E8-45FB2D736D2A}.Release|Any CPU.Build.0 = Release|Any CPU
		{AA3F0C66-7575-47D9-B45E-6B38F78E632D}.Debug|Any CPU.ActiveCfg = Debug|Any CPU
		{AA3F0C66-7575-47D9-B45E-6B38F78E632D}.Debug|Any CPU.Build.0 = Debug|Any CPU
		{AA3F0C66-7575-47D9-B45E-6B38F78E632D}.Release|Any CPU.ActiveCfg = Release|Any CPU
		{AA3F0C66-7575-47D9-B45E-6B38F78E632D}.Release|Any CPU.Build.0 = Release|Any CPU
	EndGlobalSection
	GlobalSection(SolutionProperties) = preSolution
		HideSolutionNode = FALSE
	EndGlobalSection
	GlobalSection(NestedProjects) = preSolution
		{4DFAF3E8-CF25-4964-AD0B-28BCE0072C4C} = {6E495E0A-0DC8-4E42-8C58-3C48506D3D24}
		{B119B51E-734A-4C6D-9151-91B9D8AF2ADF} = {6E495E0A-0DC8-4E42-8C58-3C48506D3D24}
		{F0C1F3F6-0070-45B9-8660-DF72EA7E4EAC} = {6E495E0A-0DC8-4E42-8C58-3C48506D3D24}
		{F5B374A3-4075-4370-AD3E-706E561F682A} = {6E495E0A-0DC8-4E42-8C58-3C48506D3D24}
		{B096A6A4-AC8C-47AC-99E4-65AB1F98F71E} = {20A0BD99-A4F3-4FD5-A6FA-1935D7464DB8}
		{E587A5E8-F146-45B8-84E8-45FB2D736D2A} = {20A0BD99-A4F3-4FD5-A6FA-1935D7464DB8}
		{AA3F0C66-7575-47D9-B45E-6B38F78E632D} = {2A14F697-FFC8-402F-82B4-8128FE897DC9}
	EndGlobalSection
	GlobalSection(ExtensibilityGlobals) = postSolution
		SolutionGuid = {B9BD3B8C-B2C9-468F-BF54-66BFE9B565EC}
	EndGlobalSection
EndGlobal
