
Microsoft Visual Studio Solution File, Format Version 12.00
# Visual Studio Version 17
VisualStudioVersion = 17.1.32328.378
MinimumVisualStudioVersion = 10.0.40219.1
Project("{2150E333-8FDC-42A3-9474-1A3956D46DE8}") = "01. EventMesh", "01. EventMesh", "{7A371086-78D9-4632-96F4-DCF31581F3AE}"
EndProject
Project("{FAE04EC0-301F-11D3-BF4B-00C04F79EFBC}") = "FaasNet.EventMesh.AMQPClient", "src\Samples\FaasNet.EventMesh.AMQPClient\FaasNet.EventMesh.AMQPClient.csproj", "{6AE025D4-3488-4809-A370-5682A30E820D}"
EndProject
Global
	GlobalSection(SolutionConfigurationPlatforms) = preSolution
		Debug|Any CPU = Debug|Any CPU
		Release|Any CPU = Release|Any CPU
	EndGlobalSection
	GlobalSection(ProjectConfigurationPlatforms) = postSolution
		{6AE025D4-3488-4809-A370-5682A30E820D}.Debug|Any CPU.ActiveCfg = Debug|Any CPU
		{6AE025D4-3488-4809-A370-5682A30E820D}.Debug|Any CPU.Build.0 = Debug|Any CPU
		{6AE025D4-3488-4809-A370-5682A30E820D}.Release|Any CPU.ActiveCfg = Release|Any CPU
		{6AE025D4-3488-4809-A370-5682A30E820D}.Release|Any CPU.Build.0 = Release|Any CPU
	EndGlobalSection
	GlobalSection(SolutionProperties) = preSolution
		HideSolutionNode = FALSE
	EndGlobalSection
	GlobalSection(NestedProjects) = preSolution
		{6AE025D4-3488-4809-A370-5682A30E820D} = {7A371086-78D9-4632-96F4-DCF31581F3AE}
	EndGlobalSection
	GlobalSection(ExtensibilityGlobals) = postSolution
		SolutionGuid = {007D7A77-3286-48F7-974F-20075BCB6160}
	EndGlobalSection
EndGlobal
