
Microsoft Visual Studio Solution File, Format Version 12.00
# Visual Studio Version 17
VisualStudioVersion = 17.1.32328.378
MinimumVisualStudioVersion = 10.0.40219.1
Project("{2150E333-8FDC-42A3-9474-1A3956D46DE8}") = "01. Core", "01. Core", "{1064A767-7322-4A14-BFD4-97FDD40E76B4}"
EndProject
Project("{2150E333-8FDC-42A3-9474-1A3956D46DE8}") = "02. Startup", "02. Startup", "{B0C38F6D-3F83-458A-A493-428AB3DD9F85}"
EndProject
Project("{2150E333-8FDC-42A3-9474-1A3956D46DE8}") = "03. Tests", "03. Tests", "{472FC125-267E-422D-AFFE-E33C5FFB3344}"
EndProject
Project("{9A19103F-16F7-4668-BE54-9A1E7A4F7556}") = "Coeus.Core", "lib\Coeus\src\Coeus.Core.csproj", "{17702567-1DF1-4FA0-9C36-27B292C62981}"
EndProject
Project("{2150E333-8FDC-42A3-9474-1A3956D46DE8}") = "01. EventMesh", "01. EventMesh", "{95825677-4D42-420E-8126-220CDD2B4D8C}"
EndProject
Project("{2150E333-8FDC-42A3-9474-1A3956D46DE8}") = "00. Common", "00. Common", "{FBBBD953-500A-4BCB-9C5E-B8C8E3D97D71}"
EndProject
Project("{2150E333-8FDC-42A3-9474-1A3956D46DE8}") = "APIs", "APIs", "{E57AF551-0F14-4B5D-A208-8F4E56365BA1}"
EndProject
Project("{2150E333-8FDC-42A3-9474-1A3956D46DE8}") = "02. StateMachines", "02. StateMachines", "{17B5795D-03E0-4B3C-9FD8-39E91383E271}"
EndProject
Project("{9A19103F-16F7-4668-BE54-9A1E7A4F7556}") = "FaasNet.Domain", "src\Common\FaasNet.Domain\FaasNet.Domain.csproj", "{4A640719-BB95-4608-8226-E808F779FF81}"
EndProject
Project("{9A19103F-16F7-4668-BE54-9A1E7A4F7556}") = "FaasNet.EventStore", "src\Common\FaasNet.EventStore\FaasNet.EventStore.csproj", "{1535E0A5-E90A-456D-8A13-D0A1D9DF1E33}"
EndProject
Project("{9A19103F-16F7-4668-BE54-9A1E7A4F7556}") = "FaasNet.EventStore.EF", "src\Common\FaasNet.EventStore.EF\FaasNet.EventStore.EF.csproj", "{BDFE8803-0CC2-4566-9E0D-7479AA751D54}"
EndProject
Project("{9A19103F-16F7-4668-BE54-9A1E7A4F7556}") = "FaasNet.EventStoreDB", "src\Common\FaasNet.EventStoreDB\FaasNet.EventStoreDB.csproj", "{FD5F69F9-AEEB-47EE-948B-CFC0378E431D}"
EndProject
Project("{9A19103F-16F7-4668-BE54-9A1E7A4F7556}") = "FaasNet.StateMachine.Core", "src\StateMachines\FaasNet.StateMachine.Core\FaasNet.StateMachine.Core.csproj", "{4E368FB1-DA49-4C4A-93B2-B3DE8FF99DF4}"
EndProject
Project("{9A19103F-16F7-4668-BE54-9A1E7A4F7556}") = "FaasNet.StateMachine.Runtime", "src\StateMachines\FaasNet.StateMachine.Runtime\FaasNet.StateMachine.Runtime.csproj", "{84788C92-06A8-4CC9-B371-221753924F1C}"
EndProject
Project("{2150E333-8FDC-42A3-9474-1A3956D46DE8}") = "03. Function", "03. Function", "{B32B3C0F-6B1C-4E9D-A7C6-A94ECA9380B6}"
EndProject
Project("{9A19103F-16F7-4668-BE54-9A1E7A4F7556}") = "FaasNet.Kubernetes", "src\Function\FaasNet.Kubernetes\FaasNet.Kubernetes.csproj", "{07BBA66B-6902-4600-A077-FDA570A05431}"
EndProject
Project("{9A19103F-16F7-4668-BE54-9A1E7A4F7556}") = "FaasNet.Function", "src\Function\FaasNet.Function\FaasNet.Function.csproj", "{954DF46A-AC39-442E-9E1F-367BBE3FFDC3}"
EndProject
Project("{9A19103F-16F7-4668-BE54-9A1E7A4F7556}") = "FaasNet.Function.Transform", "src\Function\FaasNet.Function.Transform\FaasNet.Function.Transform.csproj", "{86705CDD-82A8-4E47-9008-5C20B6BBF85E}"
EndProject
Project("{9A19103F-16F7-4668-BE54-9A1E7A4F7556}") = "FaasNet.Function.GetSql", "src\Function\FaasNet.Function.GetSql\FaasNet.Function.GetSql.csproj", "{3A720D0D-418B-44C1-BABF-1AC8B30F7C32}"
EndProject
Project("{9A19103F-16F7-4668-BE54-9A1E7A4F7556}") = "FaasNet.Function.Core", "src\Function\FaasNet.Function.Core\FaasNet.Function.Core.csproj", "{4B108896-32B2-4905-BED3-20088EA6CE73}"
EndProject
Project("{2150E333-8FDC-42A3-9474-1A3956D46DE8}") = "Impl", "Impl", "{F9C9E454-9CFB-4EA0-A73E-BC5F8D5255BB}"
EndProject
Project("{9A19103F-16F7-4668-BE54-9A1E7A4F7556}") = "FaasNet.StateMachine.EF", "src\StateMachines\FaasNet.StateMachine.EF\FaasNet.StateMachine.EF.csproj", "{B475B79F-6D4E-4C00-9976-73488565EB47}"
EndProject
Project("{9A19103F-16F7-4668-BE54-9A1E7A4F7556}") = "FaasNet.EventMesh.Core", "src\EventMesh\FaasNet.EventMesh.Core\FaasNet.EventMesh.Core.csproj", "{0A7169A3-3133-44B9-B2C2-E92EAECDB612}"
EndProject
Project("{9A19103F-16F7-4668-BE54-9A1E7A4F7556}") = "FaasNet.EventMesh.Runtime", "src\EventMesh\FaasNet.EventMesh.Runtime\FaasNet.EventMesh.Runtime.csproj", "{F975BC58-299E-4643-A87D-69BA5B78E1CA}"
EndProject
Project("{9A19103F-16F7-4668-BE54-9A1E7A4F7556}") = "FaasNet.EventMesh.SqlServer.Startup", "src\EventMesh\FaasNet.EventMesh.SqlServer.Startup\FaasNet.EventMesh.SqlServer.Startup.csproj", "{9ADCA0CD-CE8A-41A8-842E-9A2DCC4DC5BC}"
EndProject
Project("{9A19103F-16F7-4668-BE54-9A1E7A4F7556}") = "FaasNet.Function.SqlServer.Startup", "src\Function\FaasNet.Function.SqlServer.Startup\FaasNet.Function.SqlServer.Startup.csproj", "{B77BF25B-D378-4D5A-8E6B-4105C8D5D67A}"
EndProject
Project("{9A19103F-16F7-4668-BE54-9A1E7A4F7556}") = "FaasNet.Function.EF", "src\Function\FaasNet.Function.EF\FaasNet.Function.EF.csproj", "{BB333B91-E158-4357-870C-5CB117A994DD}"
EndProject
Project("{9A19103F-16F7-4668-BE54-9A1E7A4F7556}") = "FaasNet.StateMachine.SqlServer.Startup", "src\StateMachines\FaasNet.StateMachine.SqlServer.Startup\FaasNet.StateMachine.SqlServer.Startup.csproj", "{F5F1C7B4-0017-4A7C-922E-5FDC0F629AB9}"
EndProject
Project("{9A19103F-16F7-4668-BE54-9A1E7A4F7556}") = "FaasNet.Gateway.Startup", "src\Gateway\FaasNet.Gateway.Startup\FaasNet.Gateway.Startup.csproj", "{9FFB4A80-DC40-4645-94C9-3F8A1193FCB0}"
EndProject
Project("{2150E333-8FDC-42A3-9474-1A3956D46DE8}") = "Clients", "Clients", "{46365A98-AA59-4B9B-9582-21DC274C1F24}"
EndProject
Project("{9A19103F-16F7-4668-BE54-9A1E7A4F7556}") = "FaasNet.CLI", "src\Clients\FaasNet.CLI\FaasNet.CLI.csproj", "{91CA63D2-5111-41B8-B0A6-2ADE71DDE36A}"
EndProject
Project("{9A19103F-16F7-4668-BE54-9A1E7A4F7556}") = "FaasNet.Website", "src\Clients\FaasNet.Website\FaasNet.Website.csproj", "{AADA4FCB-F367-478A-B8E3-D62895B73D25}"
EndProject
Project("{9A19103F-16F7-4668-BE54-9A1E7A4F7556}") = "FaasNet.StateMachine.Core.Tests", "tests\FaasNet.StateMachine.Core.Tests\FaasNet.StateMachine.Core.Tests.csproj", "{C314AF86-ACED-445E-B88A-21B4AB66AC37}"
EndProject
Project("{9A19103F-16F7-4668-BE54-9A1E7A4F7556}") = "FaasNet.EventMesh.Runtime.EF", "src\EventMesh\FaasNet.EventMesh.Runtime.EF\FaasNet.EventMesh.Runtime.EF.csproj", "{B3CD5FDE-9027-4A73-8B3E-5C1BB12D8766}"
EndProject
Project("{2150E333-8FDC-42A3-9474-1A3956D46DE8}") = "EventMeshServer", "EventMeshServer", "{EBEB8CA2-EDF7-44D7-8496-306404ED828D}"
EndProject
Project("{9A19103F-16F7-4668-BE54-9A1E7A4F7556}") = "FaasNet.EventMesh.Runtime.AMQP", "src\EventMesh\FaasNet.EventMesh.Runtime.AMQP\FaasNet.EventMesh.Runtime.AMQP.csproj", "{13BD5EB7-4334-4932-A225-8B74E32220C6}"
EndProject
Project("{9A19103F-16F7-4668-BE54-9A1E7A4F7556}") = "FaasNet.EventMesh.Runtime.Kafka", "src\EventMesh\FaasNet.EventMesh.Runtime.Kafka\FaasNet.EventMesh.Runtime.Kafka.csproj", "{ED8C5022-0562-4833-AB21-A036A69395E0}"
EndProject
Project("{9A19103F-16F7-4668-BE54-9A1E7A4F7556}") = "FaasNet.EventMesh.Runtime.Website", "src\EventMesh\FaasNet.EventMesh.Runtime.Website\FaasNet.EventMesh.Runtime.Website.csproj", "{F49F7056-366D-42A7-ABEE-2545401AB964}"
EndProject
Project("{9A19103F-16F7-4668-BE54-9A1E7A4F7556}") = "FaasNet.StateMachine.IntegrationEvents", "src\StateMachines\FaasNet.StateMachine.IntegrationEvents\FaasNet.StateMachine.IntegrationEvents.csproj", "{B70A493E-F91F-42E4-B96C-0349A183AC59}"
EndProject
Project("{9A19103F-16F7-4668-BE54-9A1E7A4F7556}") = "FaasNet.EventMesh.IntegrationEvents", "src\EventMesh\FaasNet.EventMesh.IntegrationEvents\FaasNet.EventMesh.IntegrationEvents.csproj", "{07B22FB3-1497-4854-8915-2F5B16D5C45D}"
EndProject
Project("{9A19103F-16F7-4668-BE54-9A1E7A4F7556}") = "FaasNet.StateMachine.Worker", "src\StateMachines\FaasNet.StateMachine.Worker\FaasNet.StateMachine.Worker.csproj", "{B1959AD0-C548-4F17-B550-329EC24B5536}"
EndProject
Project("{9A19103F-16F7-4668-BE54-9A1E7A4F7556}") = "FaasNet.StateMachine.Worker.EventMesh", "src\StateMachines\FaasNet.StateMachine.Worker.EventMesh\FaasNet.StateMachine.Worker.EventMesh.csproj", "{AE42D8F5-C809-46F9-9266-B07B931B5F35}"
EndProject
Project("{9A19103F-16F7-4668-BE54-9A1E7A4F7556}") = "FaasNet.EventMesh.Client", "src\EventMesh\FaasNet.EventMesh.Client\FaasNet.EventMesh.Client.csproj", "{045537C5-9192-4EB2-B18D-EE8FA0EE090B}"
EndProject
Project("{9A19103F-16F7-4668-BE54-9A1E7A4F7556}") = "FaasNet.Common", "src\Common\FaasNet.Common\FaasNet.Common.csproj", "{C932238F-3D67-41F3-84D9-15104C87BA0F}"
EndProject
Project("{9A19103F-16F7-4668-BE54-9A1E7A4F7556}") = "FaasNet.Lock", "src\Common\FaasNet.Lock\FaasNet.Lock.csproj", "{EAD82C8C-2FA6-48A3-A0AA-0CD53C67A3E3}"
EndProject
Project("{2150E333-8FDC-42A3-9474-1A3956D46DE8}") = "01. EventStore", "01. EventStore", "{31452DE9-62DA-4FD1-8C73-5D7E6028B9C5}"
EndProject
Project("{2150E333-8FDC-42A3-9474-1A3956D46DE8}") = "02. Lock", "02. Lock", "{33029775-E95F-4A79-9795-085F8F210B8E}"
EndProject
Global
	GlobalSection(SolutionConfigurationPlatforms) = preSolution
		Debug|Any CPU = Debug|Any CPU
		Release|Any CPU = Release|Any CPU
	EndGlobalSection
	GlobalSection(ProjectConfigurationPlatforms) = postSolution
		{17702567-1DF1-4FA0-9C36-27B292C62981}.Debug|Any CPU.ActiveCfg = Debug|Any CPU
		{17702567-1DF1-4FA0-9C36-27B292C62981}.Debug|Any CPU.Build.0 = Debug|Any CPU
		{17702567-1DF1-4FA0-9C36-27B292C62981}.Release|Any CPU.ActiveCfg = Release|Any CPU
		{17702567-1DF1-4FA0-9C36-27B292C62981}.Release|Any CPU.Build.0 = Release|Any CPU
		{4A640719-BB95-4608-8226-E808F779FF81}.Debug|Any CPU.ActiveCfg = Debug|Any CPU
		{4A640719-BB95-4608-8226-E808F779FF81}.Debug|Any CPU.Build.0 = Debug|Any CPU
		{4A640719-BB95-4608-8226-E808F779FF81}.Release|Any CPU.ActiveCfg = Release|Any CPU
		{4A640719-BB95-4608-8226-E808F779FF81}.Release|Any CPU.Build.0 = Release|Any CPU
		{1535E0A5-E90A-456D-8A13-D0A1D9DF1E33}.Debug|Any CPU.ActiveCfg = Debug|Any CPU
		{1535E0A5-E90A-456D-8A13-D0A1D9DF1E33}.Debug|Any CPU.Build.0 = Debug|Any CPU
		{1535E0A5-E90A-456D-8A13-D0A1D9DF1E33}.Release|Any CPU.ActiveCfg = Release|Any CPU
		{1535E0A5-E90A-456D-8A13-D0A1D9DF1E33}.Release|Any CPU.Build.0 = Release|Any CPU
		{BDFE8803-0CC2-4566-9E0D-7479AA751D54}.Debug|Any CPU.ActiveCfg = Debug|Any CPU
		{BDFE8803-0CC2-4566-9E0D-7479AA751D54}.Debug|Any CPU.Build.0 = Debug|Any CPU
		{BDFE8803-0CC2-4566-9E0D-7479AA751D54}.Release|Any CPU.ActiveCfg = Release|Any CPU
		{BDFE8803-0CC2-4566-9E0D-7479AA751D54}.Release|Any CPU.Build.0 = Release|Any CPU
		{FD5F69F9-AEEB-47EE-948B-CFC0378E431D}.Debug|Any CPU.ActiveCfg = Debug|Any CPU
		{FD5F69F9-AEEB-47EE-948B-CFC0378E431D}.Debug|Any CPU.Build.0 = Debug|Any CPU
		{FD5F69F9-AEEB-47EE-948B-CFC0378E431D}.Release|Any CPU.ActiveCfg = Release|Any CPU
		{FD5F69F9-AEEB-47EE-948B-CFC0378E431D}.Release|Any CPU.Build.0 = Release|Any CPU
		{4E368FB1-DA49-4C4A-93B2-B3DE8FF99DF4}.Debug|Any CPU.ActiveCfg = Debug|Any CPU
		{4E368FB1-DA49-4C4A-93B2-B3DE8FF99DF4}.Debug|Any CPU.Build.0 = Debug|Any CPU
		{4E368FB1-DA49-4C4A-93B2-B3DE8FF99DF4}.Release|Any CPU.ActiveCfg = Release|Any CPU
		{4E368FB1-DA49-4C4A-93B2-B3DE8FF99DF4}.Release|Any CPU.Build.0 = Release|Any CPU
		{84788C92-06A8-4CC9-B371-221753924F1C}.Debug|Any CPU.ActiveCfg = Debug|Any CPU
		{84788C92-06A8-4CC9-B371-221753924F1C}.Debug|Any CPU.Build.0 = Debug|Any CPU
		{84788C92-06A8-4CC9-B371-221753924F1C}.Release|Any CPU.ActiveCfg = Release|Any CPU
		{84788C92-06A8-4CC9-B371-221753924F1C}.Release|Any CPU.Build.0 = Release|Any CPU
		{07BBA66B-6902-4600-A077-FDA570A05431}.Debug|Any CPU.ActiveCfg = Debug|Any CPU
		{07BBA66B-6902-4600-A077-FDA570A05431}.Debug|Any CPU.Build.0 = Debug|Any CPU
		{07BBA66B-6902-4600-A077-FDA570A05431}.Release|Any CPU.ActiveCfg = Release|Any CPU
		{07BBA66B-6902-4600-A077-FDA570A05431}.Release|Any CPU.Build.0 = Release|Any CPU
		{954DF46A-AC39-442E-9E1F-367BBE3FFDC3}.Debug|Any CPU.ActiveCfg = Debug|Any CPU
		{954DF46A-AC39-442E-9E1F-367BBE3FFDC3}.Debug|Any CPU.Build.0 = Debug|Any CPU
		{954DF46A-AC39-442E-9E1F-367BBE3FFDC3}.Release|Any CPU.ActiveCfg = Release|Any CPU
		{954DF46A-AC39-442E-9E1F-367BBE3FFDC3}.Release|Any CPU.Build.0 = Release|Any CPU
		{86705CDD-82A8-4E47-9008-5C20B6BBF85E}.Debug|Any CPU.ActiveCfg = Debug|Any CPU
		{86705CDD-82A8-4E47-9008-5C20B6BBF85E}.Debug|Any CPU.Build.0 = Debug|Any CPU
		{86705CDD-82A8-4E47-9008-5C20B6BBF85E}.Release|Any CPU.ActiveCfg = Release|Any CPU
		{86705CDD-82A8-4E47-9008-5C20B6BBF85E}.Release|Any CPU.Build.0 = Release|Any CPU
		{3A720D0D-418B-44C1-BABF-1AC8B30F7C32}.Debug|Any CPU.ActiveCfg = Debug|Any CPU
		{3A720D0D-418B-44C1-BABF-1AC8B30F7C32}.Debug|Any CPU.Build.0 = Debug|Any CPU
		{3A720D0D-418B-44C1-BABF-1AC8B30F7C32}.Release|Any CPU.ActiveCfg = Release|Any CPU
		{3A720D0D-418B-44C1-BABF-1AC8B30F7C32}.Release|Any CPU.Build.0 = Release|Any CPU
		{4B108896-32B2-4905-BED3-20088EA6CE73}.Debug|Any CPU.ActiveCfg = Debug|Any CPU
		{4B108896-32B2-4905-BED3-20088EA6CE73}.Debug|Any CPU.Build.0 = Debug|Any CPU
		{4B108896-32B2-4905-BED3-20088EA6CE73}.Release|Any CPU.ActiveCfg = Release|Any CPU
		{4B108896-32B2-4905-BED3-20088EA6CE73}.Release|Any CPU.Build.0 = Release|Any CPU
		{B475B79F-6D4E-4C00-9976-73488565EB47}.Debug|Any CPU.ActiveCfg = Debug|Any CPU
		{B475B79F-6D4E-4C00-9976-73488565EB47}.Debug|Any CPU.Build.0 = Debug|Any CPU
		{B475B79F-6D4E-4C00-9976-73488565EB47}.Release|Any CPU.ActiveCfg = Release|Any CPU
		{B475B79F-6D4E-4C00-9976-73488565EB47}.Release|Any CPU.Build.0 = Release|Any CPU
		{0A7169A3-3133-44B9-B2C2-E92EAECDB612}.Debug|Any CPU.ActiveCfg = Debug|Any CPU
		{0A7169A3-3133-44B9-B2C2-E92EAECDB612}.Debug|Any CPU.Build.0 = Debug|Any CPU
		{0A7169A3-3133-44B9-B2C2-E92EAECDB612}.Release|Any CPU.ActiveCfg = Release|Any CPU
		{0A7169A3-3133-44B9-B2C2-E92EAECDB612}.Release|Any CPU.Build.0 = Release|Any CPU
		{F975BC58-299E-4643-A87D-69BA5B78E1CA}.Debug|Any CPU.ActiveCfg = Debug|Any CPU
		{F975BC58-299E-4643-A87D-69BA5B78E1CA}.Debug|Any CPU.Build.0 = Debug|Any CPU
		{F975BC58-299E-4643-A87D-69BA5B78E1CA}.Release|Any CPU.ActiveCfg = Release|Any CPU
		{F975BC58-299E-4643-A87D-69BA5B78E1CA}.Release|Any CPU.Build.0 = Release|Any CPU
		{9ADCA0CD-CE8A-41A8-842E-9A2DCC4DC5BC}.Debug|Any CPU.ActiveCfg = Debug|Any CPU
		{9ADCA0CD-CE8A-41A8-842E-9A2DCC4DC5BC}.Debug|Any CPU.Build.0 = Debug|Any CPU
		{9ADCA0CD-CE8A-41A8-842E-9A2DCC4DC5BC}.Release|Any CPU.ActiveCfg = Release|Any CPU
		{9ADCA0CD-CE8A-41A8-842E-9A2DCC4DC5BC}.Release|Any CPU.Build.0 = Release|Any CPU
		{B77BF25B-D378-4D5A-8E6B-4105C8D5D67A}.Debug|Any CPU.ActiveCfg = Debug|Any CPU
		{B77BF25B-D378-4D5A-8E6B-4105C8D5D67A}.Debug|Any CPU.Build.0 = Debug|Any CPU
		{B77BF25B-D378-4D5A-8E6B-4105C8D5D67A}.Release|Any CPU.ActiveCfg = Release|Any CPU
		{B77BF25B-D378-4D5A-8E6B-4105C8D5D67A}.Release|Any CPU.Build.0 = Release|Any CPU
		{BB333B91-E158-4357-870C-5CB117A994DD}.Debug|Any CPU.ActiveCfg = Debug|Any CPU
		{BB333B91-E158-4357-870C-5CB117A994DD}.Debug|Any CPU.Build.0 = Debug|Any CPU
		{BB333B91-E158-4357-870C-5CB117A994DD}.Release|Any CPU.ActiveCfg = Release|Any CPU
		{BB333B91-E158-4357-870C-5CB117A994DD}.Release|Any CPU.Build.0 = Release|Any CPU
		{F5F1C7B4-0017-4A7C-922E-5FDC0F629AB9}.Debug|Any CPU.ActiveCfg = Debug|Any CPU
		{F5F1C7B4-0017-4A7C-922E-5FDC0F629AB9}.Debug|Any CPU.Build.0 = Debug|Any CPU
		{F5F1C7B4-0017-4A7C-922E-5FDC0F629AB9}.Release|Any CPU.ActiveCfg = Release|Any CPU
		{F5F1C7B4-0017-4A7C-922E-5FDC0F629AB9}.Release|Any CPU.Build.0 = Release|Any CPU
		{9FFB4A80-DC40-4645-94C9-3F8A1193FCB0}.Debug|Any CPU.ActiveCfg = Debug|Any CPU
		{9FFB4A80-DC40-4645-94C9-3F8A1193FCB0}.Debug|Any CPU.Build.0 = Debug|Any CPU
		{9FFB4A80-DC40-4645-94C9-3F8A1193FCB0}.Release|Any CPU.ActiveCfg = Release|Any CPU
		{9FFB4A80-DC40-4645-94C9-3F8A1193FCB0}.Release|Any CPU.Build.0 = Release|Any CPU
		{91CA63D2-5111-41B8-B0A6-2ADE71DDE36A}.Debug|Any CPU.ActiveCfg = Debug|Any CPU
		{91CA63D2-5111-41B8-B0A6-2ADE71DDE36A}.Debug|Any CPU.Build.0 = Debug|Any CPU
		{91CA63D2-5111-41B8-B0A6-2ADE71DDE36A}.Release|Any CPU.ActiveCfg = Release|Any CPU
		{91CA63D2-5111-41B8-B0A6-2ADE71DDE36A}.Release|Any CPU.Build.0 = Release|Any CPU
		{AADA4FCB-F367-478A-B8E3-D62895B73D25}.Debug|Any CPU.ActiveCfg = Debug|Any CPU
		{AADA4FCB-F367-478A-B8E3-D62895B73D25}.Debug|Any CPU.Build.0 = Debug|Any CPU
		{AADA4FCB-F367-478A-B8E3-D62895B73D25}.Release|Any CPU.ActiveCfg = Release|Any CPU
		{AADA4FCB-F367-478A-B8E3-D62895B73D25}.Release|Any CPU.Build.0 = Release|Any CPU
		{C314AF86-ACED-445E-B88A-21B4AB66AC37}.Debug|Any CPU.ActiveCfg = Debug|Any CPU
		{C314AF86-ACED-445E-B88A-21B4AB66AC37}.Debug|Any CPU.Build.0 = Debug|Any CPU
		{C314AF86-ACED-445E-B88A-21B4AB66AC37}.Release|Any CPU.ActiveCfg = Release|Any CPU
		{C314AF86-ACED-445E-B88A-21B4AB66AC37}.Release|Any CPU.Build.0 = Release|Any CPU
		{B3CD5FDE-9027-4A73-8B3E-5C1BB12D8766}.Debug|Any CPU.ActiveCfg = Debug|Any CPU
		{B3CD5FDE-9027-4A73-8B3E-5C1BB12D8766}.Debug|Any CPU.Build.0 = Debug|Any CPU
		{B3CD5FDE-9027-4A73-8B3E-5C1BB12D8766}.Release|Any CPU.ActiveCfg = Release|Any CPU
		{B3CD5FDE-9027-4A73-8B3E-5C1BB12D8766}.Release|Any CPU.Build.0 = Release|Any CPU
		{13BD5EB7-4334-4932-A225-8B74E32220C6}.Debug|Any CPU.ActiveCfg = Debug|Any CPU
		{13BD5EB7-4334-4932-A225-8B74E32220C6}.Debug|Any CPU.Build.0 = Debug|Any CPU
		{13BD5EB7-4334-4932-A225-8B74E32220C6}.Release|Any CPU.ActiveCfg = Release|Any CPU
		{13BD5EB7-4334-4932-A225-8B74E32220C6}.Release|Any CPU.Build.0 = Release|Any CPU
		{ED8C5022-0562-4833-AB21-A036A69395E0}.Debug|Any CPU.ActiveCfg = Debug|Any CPU
		{ED8C5022-0562-4833-AB21-A036A69395E0}.Debug|Any CPU.Build.0 = Debug|Any CPU
		{ED8C5022-0562-4833-AB21-A036A69395E0}.Release|Any CPU.ActiveCfg = Release|Any CPU
		{ED8C5022-0562-4833-AB21-A036A69395E0}.Release|Any CPU.Build.0 = Release|Any CPU
		{F49F7056-366D-42A7-ABEE-2545401AB964}.Debug|Any CPU.ActiveCfg = Debug|Any CPU
		{F49F7056-366D-42A7-ABEE-2545401AB964}.Debug|Any CPU.Build.0 = Debug|Any CPU
		{F49F7056-366D-42A7-ABEE-2545401AB964}.Release|Any CPU.ActiveCfg = Release|Any CPU
		{F49F7056-366D-42A7-ABEE-2545401AB964}.Release|Any CPU.Build.0 = Release|Any CPU
		{B70A493E-F91F-42E4-B96C-0349A183AC59}.Debug|Any CPU.ActiveCfg = Debug|Any CPU
		{B70A493E-F91F-42E4-B96C-0349A183AC59}.Debug|Any CPU.Build.0 = Debug|Any CPU
		{B70A493E-F91F-42E4-B96C-0349A183AC59}.Release|Any CPU.ActiveCfg = Release|Any CPU
		{B70A493E-F91F-42E4-B96C-0349A183AC59}.Release|Any CPU.Build.0 = Release|Any CPU
		{07B22FB3-1497-4854-8915-2F5B16D5C45D}.Debug|Any CPU.ActiveCfg = Debug|Any CPU
		{07B22FB3-1497-4854-8915-2F5B16D5C45D}.Debug|Any CPU.Build.0 = Debug|Any CPU
		{07B22FB3-1497-4854-8915-2F5B16D5C45D}.Release|Any CPU.ActiveCfg = Release|Any CPU
		{07B22FB3-1497-4854-8915-2F5B16D5C45D}.Release|Any CPU.Build.0 = Release|Any CPU
		{B1959AD0-C548-4F17-B550-329EC24B5536}.Debug|Any CPU.ActiveCfg = Debug|Any CPU
		{B1959AD0-C548-4F17-B550-329EC24B5536}.Debug|Any CPU.Build.0 = Debug|Any CPU
		{B1959AD0-C548-4F17-B550-329EC24B5536}.Release|Any CPU.ActiveCfg = Release|Any CPU
		{B1959AD0-C548-4F17-B550-329EC24B5536}.Release|Any CPU.Build.0 = Release|Any CPU
		{AE42D8F5-C809-46F9-9266-B07B931B5F35}.Debug|Any CPU.ActiveCfg = Debug|Any CPU
		{AE42D8F5-C809-46F9-9266-B07B931B5F35}.Debug|Any CPU.Build.0 = Debug|Any CPU
		{AE42D8F5-C809-46F9-9266-B07B931B5F35}.Release|Any CPU.ActiveCfg = Release|Any CPU
		{AE42D8F5-C809-46F9-9266-B07B931B5F35}.Release|Any CPU.Build.0 = Release|Any CPU
		{045537C5-9192-4EB2-B18D-EE8FA0EE090B}.Debug|Any CPU.ActiveCfg = Debug|Any CPU
		{045537C5-9192-4EB2-B18D-EE8FA0EE090B}.Debug|Any CPU.Build.0 = Debug|Any CPU
		{045537C5-9192-4EB2-B18D-EE8FA0EE090B}.Release|Any CPU.ActiveCfg = Release|Any CPU
		{045537C5-9192-4EB2-B18D-EE8FA0EE090B}.Release|Any CPU.Build.0 = Release|Any CPU
		{C932238F-3D67-41F3-84D9-15104C87BA0F}.Debug|Any CPU.ActiveCfg = Debug|Any CPU
		{C932238F-3D67-41F3-84D9-15104C87BA0F}.Debug|Any CPU.Build.0 = Debug|Any CPU
		{C932238F-3D67-41F3-84D9-15104C87BA0F}.Release|Any CPU.ActiveCfg = Release|Any CPU
		{C932238F-3D67-41F3-84D9-15104C87BA0F}.Release|Any CPU.Build.0 = Release|Any CPU
		{EAD82C8C-2FA6-48A3-A0AA-0CD53C67A3E3}.Debug|Any CPU.ActiveCfg = Debug|Any CPU
		{EAD82C8C-2FA6-48A3-A0AA-0CD53C67A3E3}.Debug|Any CPU.Build.0 = Debug|Any CPU
		{EAD82C8C-2FA6-48A3-A0AA-0CD53C67A3E3}.Release|Any CPU.ActiveCfg = Release|Any CPU
		{EAD82C8C-2FA6-48A3-A0AA-0CD53C67A3E3}.Release|Any CPU.Build.0 = Release|Any CPU
	EndGlobalSection
	GlobalSection(SolutionProperties) = preSolution
		HideSolutionNode = FALSE
	EndGlobalSection
	GlobalSection(NestedProjects) = preSolution
		{17702567-1DF1-4FA0-9C36-27B292C62981} = {FBBBD953-500A-4BCB-9C5E-B8C8E3D97D71}
		{95825677-4D42-420E-8126-220CDD2B4D8C} = {1064A767-7322-4A14-BFD4-97FDD40E76B4}
		{FBBBD953-500A-4BCB-9C5E-B8C8E3D97D71} = {1064A767-7322-4A14-BFD4-97FDD40E76B4}
		{E57AF551-0F14-4B5D-A208-8F4E56365BA1} = {B0C38F6D-3F83-458A-A493-428AB3DD9F85}
		{17B5795D-03E0-4B3C-9FD8-39E91383E271} = {1064A767-7322-4A14-BFD4-97FDD40E76B4}
		{4A640719-BB95-4608-8226-E808F779FF81} = {FBBBD953-500A-4BCB-9C5E-B8C8E3D97D71}
		{1535E0A5-E90A-456D-8A13-D0A1D9DF1E33} = {31452DE9-62DA-4FD1-8C73-5D7E6028B9C5}
		{BDFE8803-0CC2-4566-9E0D-7479AA751D54} = {31452DE9-62DA-4FD1-8C73-5D7E6028B9C5}
		{FD5F69F9-AEEB-47EE-948B-CFC0378E431D} = {31452DE9-62DA-4FD1-8C73-5D7E6028B9C5}
		{4E368FB1-DA49-4C4A-93B2-B3DE8FF99DF4} = {17B5795D-03E0-4B3C-9FD8-39E91383E271}
		{84788C92-06A8-4CC9-B371-221753924F1C} = {17B5795D-03E0-4B3C-9FD8-39E91383E271}
		{B32B3C0F-6B1C-4E9D-A7C6-A94ECA9380B6} = {1064A767-7322-4A14-BFD4-97FDD40E76B4}
		{07BBA66B-6902-4600-A077-FDA570A05431} = {B0C38F6D-3F83-458A-A493-428AB3DD9F85}
		{954DF46A-AC39-442E-9E1F-367BBE3FFDC3} = {F9C9E454-9CFB-4EA0-A73E-BC5F8D5255BB}
		{86705CDD-82A8-4E47-9008-5C20B6BBF85E} = {F9C9E454-9CFB-4EA0-A73E-BC5F8D5255BB}
		{3A720D0D-418B-44C1-BABF-1AC8B30F7C32} = {F9C9E454-9CFB-4EA0-A73E-BC5F8D5255BB}
		{4B108896-32B2-4905-BED3-20088EA6CE73} = {B32B3C0F-6B1C-4E9D-A7C6-A94ECA9380B6}
		{F9C9E454-9CFB-4EA0-A73E-BC5F8D5255BB} = {B32B3C0F-6B1C-4E9D-A7C6-A94ECA9380B6}
		{B475B79F-6D4E-4C00-9976-73488565EB47} = {17B5795D-03E0-4B3C-9FD8-39E91383E271}
		{0A7169A3-3133-44B9-B2C2-E92EAECDB612} = {95825677-4D42-420E-8126-220CDD2B4D8C}
		{F975BC58-299E-4643-A87D-69BA5B78E1CA} = {95825677-4D42-420E-8126-220CDD2B4D8C}
		{9ADCA0CD-CE8A-41A8-842E-9A2DCC4DC5BC} = {E57AF551-0F14-4B5D-A208-8F4E56365BA1}
		{B77BF25B-D378-4D5A-8E6B-4105C8D5D67A} = {E57AF551-0F14-4B5D-A208-8F4E56365BA1}
		{BB333B91-E158-4357-870C-5CB117A994DD} = {B32B3C0F-6B1C-4E9D-A7C6-A94ECA9380B6}
		{F5F1C7B4-0017-4A7C-922E-5FDC0F629AB9} = {E57AF551-0F14-4B5D-A208-8F4E56365BA1}
		{9FFB4A80-DC40-4645-94C9-3F8A1193FCB0} = {E57AF551-0F14-4B5D-A208-8F4E56365BA1}
		{46365A98-AA59-4B9B-9582-21DC274C1F24} = {B0C38F6D-3F83-458A-A493-428AB3DD9F85}
		{91CA63D2-5111-41B8-B0A6-2ADE71DDE36A} = {46365A98-AA59-4B9B-9582-21DC274C1F24}
		{AADA4FCB-F367-478A-B8E3-D62895B73D25} = {46365A98-AA59-4B9B-9582-21DC274C1F24}
		{C314AF86-ACED-445E-B88A-21B4AB66AC37} = {472FC125-267E-422D-AFFE-E33C5FFB3344}
		{B3CD5FDE-9027-4A73-8B3E-5C1BB12D8766} = {95825677-4D42-420E-8126-220CDD2B4D8C}
		{EBEB8CA2-EDF7-44D7-8496-306404ED828D} = {B0C38F6D-3F83-458A-A493-428AB3DD9F85}
		{13BD5EB7-4334-4932-A225-8B74E32220C6} = {95825677-4D42-420E-8126-220CDD2B4D8C}
		{ED8C5022-0562-4833-AB21-A036A69395E0} = {95825677-4D42-420E-8126-220CDD2B4D8C}
		{F49F7056-366D-42A7-ABEE-2545401AB964} = {EBEB8CA2-EDF7-44D7-8496-306404ED828D}
		{B70A493E-F91F-42E4-B96C-0349A183AC59} = {17B5795D-03E0-4B3C-9FD8-39E91383E271}
		{07B22FB3-1497-4854-8915-2F5B16D5C45D} = {95825677-4D42-420E-8126-220CDD2B4D8C}
		{B1959AD0-C548-4F17-B550-329EC24B5536} = {17B5795D-03E0-4B3C-9FD8-39E91383E271}
		{AE42D8F5-C809-46F9-9266-B07B931B5F35} = {17B5795D-03E0-4B3C-9FD8-39E91383E271}
		{045537C5-9192-4EB2-B18D-EE8FA0EE090B} = {95825677-4D42-420E-8126-220CDD2B4D8C}
		{C932238F-3D67-41F3-84D9-15104C87BA0F} = {FBBBD953-500A-4BCB-9C5E-B8C8E3D97D71}
		{EAD82C8C-2FA6-48A3-A0AA-0CD53C67A3E3} = {33029775-E95F-4A79-9795-085F8F210B8E}
		{31452DE9-62DA-4FD1-8C73-5D7E6028B9C5} = {FBBBD953-500A-4BCB-9C5E-B8C8E3D97D71}
		{33029775-E95F-4A79-9795-085F8F210B8E} = {FBBBD953-500A-4BCB-9C5E-B8C8E3D97D71}
	EndGlobalSection
	GlobalSection(ExtensibilityGlobals) = postSolution
		SolutionGuid = {46764455-0D10-4266-9C37-35D7BD67517C}
	EndGlobalSection
EndGlobal
