
Microsoft Visual Studio Solution File, Format Version 12.00
# Visual Studio Version 16
VisualStudioVersion = 16.0.29503.13
MinimumVisualStudioVersion = 10.0.40219.1
Project("{2150E333-8FDC-42A3-9474-1A3956D46DE8}") = "01. Core", "01. Core", "{1064A767-7322-4A14-BFD4-97FDD40E76B4}"
EndProject
Project("{2150E333-8FDC-42A3-9474-1A3956D46DE8}") = "02. Startup", "02. Startup", "{B0C38F6D-3F83-458A-A493-428AB3DD9F85}"
EndProject
Project("{9A19103F-16F7-4668-BE54-9A1E7A4F7556}") = "FaasNet.Kubernetes", "src\FaasNet.Kubernetes\FaasNet.Kubernetes.csproj", "{2B6F7B44-91D5-44DD-8615-4EE8447F4839}"
EndProject
Project("{9A19103F-16F7-4668-BE54-9A1E7A4F7556}") = "FaasNet.CLI", "src\FaasNet.CLI\FaasNet.CLI.csproj", "{EDDFD04B-B4F0-47A6-8FD3-628F3F542402}"
EndProject
Project("{9A19103F-16F7-4668-BE54-9A1E7A4F7556}") = "FaasNet.Website", "src\FaasNet.Website\FaasNet.Website.csproj", "{6B493287-F29B-4988-A21F-A32EF81DE717}"
EndProject
Project("{2150E333-8FDC-42A3-9474-1A3956D46DE8}") = "03. Tests", "03. Tests", "{472FC125-267E-422D-AFFE-E33C5FFB3344}"
EndProject
Project("{2150E333-8FDC-42A3-9474-1A3956D46DE8}") = "01. Gateway", "01. Gateway", "{8D35E32C-AB12-44C8-8FAF-D9FF8CF805B7}"
EndProject
Project("{9A19103F-16F7-4668-BE54-9A1E7A4F7556}") = "Coeus.Core", "lib\Coeus\src\Coeus.Core.csproj", "{17702567-1DF1-4FA0-9C36-27B292C62981}"
EndProject
Project("{9A19103F-16F7-4668-BE54-9A1E7A4F7556}") = "FaasNet.Bus.Startup", "src\FaasNet.Bus.Startup\FaasNet.Bus.Startup.csproj", "{9DEBEE4B-C360-4517-A97F-7461C163FDDF}"
EndProject
Project("{9A19103F-16F7-4668-BE54-9A1E7A4F7556}") = "FaasNet.Runtime.Tests", "tests\FaasNet.Runtime.Tests\FaasNet.Runtime.Tests.csproj", "{A35870C0-7553-4A66-95EE-7226535FED0F}"
EndProject
Project("{2150E333-8FDC-42A3-9474-1A3956D46DE8}") = "02. EventMesh", "02. EventMesh", "{95825677-4D42-420E-8126-220CDD2B4D8C}"
EndProject
Project("{2150E333-8FDC-42A3-9474-1A3956D46DE8}") = "03. Application", "03. Application", "{4951C555-DB59-4A86-954F-0049E279DDB5}"
EndProject
Project("{2150E333-8FDC-42A3-9474-1A3956D46DE8}") = "00. Common", "00. Common", "{FBBBD953-500A-4BCB-9C5E-B8C8E3D97D71}"
EndProject
Project("{2150E333-8FDC-42A3-9474-1A3956D46DE8}") = "APIs", "APIs", "{E57AF551-0F14-4B5D-A208-8F4E56365BA1}"
EndProject
Project("{2150E333-8FDC-42A3-9474-1A3956D46DE8}") = "04. StateMachines", "04. StateMachines", "{17B5795D-03E0-4B3C-9FD8-39E91383E271}"
EndProject
Project("{9A19103F-16F7-4668-BE54-9A1E7A4F7556}") = "FaasNet.Domain", "src\Common\FaasNet.Domain\FaasNet.Domain.csproj", "{4A640719-BB95-4608-8226-E808F779FF81}"
EndProject
Project("{9A19103F-16F7-4668-BE54-9A1E7A4F7556}") = "FaasNet.EventStore", "src\Common\FaasNet.EventStore\FaasNet.EventStore.csproj", "{1535E0A5-E90A-456D-8A13-D0A1D9DF1E33}"
EndProject
Project("{9A19103F-16F7-4668-BE54-9A1E7A4F7556}") = "FaasNet.EventStore.EF", "src\Common\FaasNet.EventStore.EF\FaasNet.EventStore.EF.csproj", "{BDFE8803-0CC2-4566-9E0D-7479AA751D54}"
EndProject
Project("{9A19103F-16F7-4668-BE54-9A1E7A4F7556}") = "FaasNet.EventStoreDB", "src\Common\FaasNet.EventStoreDB\FaasNet.EventStoreDB.csproj", "{FD5F69F9-AEEB-47EE-948B-CFC0378E431D}"
EndProject
Project("{9A19103F-16F7-4668-BE54-9A1E7A4F7556}") = "FaasNet.Application.Core", "src\Application\FaasNet.Application.Core\FaasNet.Application.Core.csproj", "{AB3387F0-CADD-40EC-BAE2-A60F6C1CD0FD}"
EndProject
Project("{9A19103F-16F7-4668-BE54-9A1E7A4F7556}") = "FaasNet.Application.EF", "src\Application\FaasNet.Application.EF\FaasNet.Application.EF.csproj", "{B7482C77-BDF8-45E7-81EF-5A19C480B510}"
EndProject
Project("{9A19103F-16F7-4668-BE54-9A1E7A4F7556}") = "FaasNet.StateMachine.Core", "src\StateMachines\FaasNet.StateMachine.Core\FaasNet.StateMachine.Core.csproj", "{4E368FB1-DA49-4C4A-93B2-B3DE8FF99DF4}"
EndProject
Project("{9A19103F-16F7-4668-BE54-9A1E7A4F7556}") = "FaasNet.Gateway.Core", "src\Gateway\FaasNet.Gateway.Core\FaasNet.Gateway.Core.csproj", "{E1B6831C-183C-4CA0-9D84-AC8098D4E2CD}"
EndProject
Project("{9A19103F-16F7-4668-BE54-9A1E7A4F7556}") = "FaasNet.StateMachine.Runtime", "src\StateMachines\FaasNet.StateMachine.Runtime\FaasNet.StateMachine.Runtime.csproj", "{84788C92-06A8-4CC9-B371-221753924F1C}"
EndProject
Project("{9A19103F-16F7-4668-BE54-9A1E7A4F7556}") = "FaasNet.StateMachine.Runtime.EF", "src\StateMachines\FaasNet.StateMachine.Runtime.EF\FaasNet.StateMachine.Runtime.EF.csproj", "{EF57AF44-FFA2-4902-8268-A6A31B7CD693}"
EndProject
Project("{2150E333-8FDC-42A3-9474-1A3956D46DE8}") = "05. Function", "05. Function", "{B32B3C0F-6B1C-4E9D-A7C6-A94ECA9380B6}"
EndProject
Project("{9A19103F-16F7-4668-BE54-9A1E7A4F7556}") = "FaasNet.Kubernetes", "src\Function\FaasNet.Kubernetes\FaasNet.Kubernetes.csproj", "{07BBA66B-6902-4600-A077-FDA570A05431}"
EndProject
Project("{9A19103F-16F7-4668-BE54-9A1E7A4F7556}") = "FaasNet.Function", "src\Function\FaasNet.Function\FaasNet.Function.csproj", "{954DF46A-AC39-442E-9E1F-367BBE3FFDC3}"
EndProject
Project("{9A19103F-16F7-4668-BE54-9A1E7A4F7556}") = "FaasNet.Function.Transform", "src\Function\FaasNet.Function.Transform\FaasNet.Function.Transform.csproj", "{86705CDD-82A8-4E47-9008-5C20B6BBF85E}"
EndProject
Project("{9A19103F-16F7-4668-BE54-9A1E7A4F7556}") = "FaasNet.Function.GetSql", "src\Function\FaasNet.Function.GetSql\FaasNet.Function.GetSql.csproj", "{3A720D0D-418B-44C1-BABF-1AC8B30F7C32}"
EndProject
Project("{9A19103F-16F7-4668-BE54-9A1E7A4F7556}") = "FaasNet.Application.SqlServer.Startup", "src\Application\FaasNet.Application.SqlServer.Startup\FaasNet.Application.SqlServer.Startup.csproj", "{23FCFE39-E6F5-4411-8462-1E89F4FAD952}"
EndProject
Project("{9A19103F-16F7-4668-BE54-9A1E7A4F7556}") = "FaasNet.Function.Core", "src\Function\FaasNet.Function.Core\FaasNet.Function.Core.csproj", "{4B108896-32B2-4905-BED3-20088EA6CE73}"
EndProject
Project("{2150E333-8FDC-42A3-9474-1A3956D46DE8}") = "Impl", "Impl", "{F9C9E454-9CFB-4EA0-A73E-BC5F8D5255BB}"
EndProject
Global
	GlobalSection(SolutionConfigurationPlatforms) = preSolution
		Debug|Any CPU = Debug|Any CPU
		Release|Any CPU = Release|Any CPU
	EndGlobalSection
	GlobalSection(ProjectConfigurationPlatforms) = postSolution
		{2B6F7B44-91D5-44DD-8615-4EE8447F4839}.Debug|Any CPU.ActiveCfg = Debug|Any CPU
		{2B6F7B44-91D5-44DD-8615-4EE8447F4839}.Debug|Any CPU.Build.0 = Debug|Any CPU
		{2B6F7B44-91D5-44DD-8615-4EE8447F4839}.Release|Any CPU.ActiveCfg = Release|Any CPU
		{2B6F7B44-91D5-44DD-8615-4EE8447F4839}.Release|Any CPU.Build.0 = Release|Any CPU
		{EDDFD04B-B4F0-47A6-8FD3-628F3F542402}.Debug|Any CPU.ActiveCfg = Debug|Any CPU
		{EDDFD04B-B4F0-47A6-8FD3-628F3F542402}.Debug|Any CPU.Build.0 = Debug|Any CPU
		{EDDFD04B-B4F0-47A6-8FD3-628F3F542402}.Release|Any CPU.ActiveCfg = Release|Any CPU
		{EDDFD04B-B4F0-47A6-8FD3-628F3F542402}.Release|Any CPU.Build.0 = Release|Any CPU
		{6B493287-F29B-4988-A21F-A32EF81DE717}.Debug|Any CPU.ActiveCfg = Debug|Any CPU
		{6B493287-F29B-4988-A21F-A32EF81DE717}.Debug|Any CPU.Build.0 = Debug|Any CPU
		{6B493287-F29B-4988-A21F-A32EF81DE717}.Release|Any CPU.ActiveCfg = Release|Any CPU
		{6B493287-F29B-4988-A21F-A32EF81DE717}.Release|Any CPU.Build.0 = Release|Any CPU
		{17702567-1DF1-4FA0-9C36-27B292C62981}.Debug|Any CPU.ActiveCfg = Debug|Any CPU
		{17702567-1DF1-4FA0-9C36-27B292C62981}.Debug|Any CPU.Build.0 = Debug|Any CPU
		{17702567-1DF1-4FA0-9C36-27B292C62981}.Release|Any CPU.ActiveCfg = Release|Any CPU
		{17702567-1DF1-4FA0-9C36-27B292C62981}.Release|Any CPU.Build.0 = Release|Any CPU
		{9DEBEE4B-C360-4517-A97F-7461C163FDDF}.Debug|Any CPU.ActiveCfg = Debug|Any CPU
		{9DEBEE4B-C360-4517-A97F-7461C163FDDF}.Debug|Any CPU.Build.0 = Debug|Any CPU
		{9DEBEE4B-C360-4517-A97F-7461C163FDDF}.Release|Any CPU.ActiveCfg = Release|Any CPU
		{9DEBEE4B-C360-4517-A97F-7461C163FDDF}.Release|Any CPU.Build.0 = Release|Any CPU
		{A35870C0-7553-4A66-95EE-7226535FED0F}.Debug|Any CPU.ActiveCfg = Debug|Any CPU
		{A35870C0-7553-4A66-95EE-7226535FED0F}.Debug|Any CPU.Build.0 = Debug|Any CPU
		{A35870C0-7553-4A66-95EE-7226535FED0F}.Release|Any CPU.ActiveCfg = Release|Any CPU
		{A35870C0-7553-4A66-95EE-7226535FED0F}.Release|Any CPU.Build.0 = Release|Any CPU
		{4A640719-BB95-4608-8226-E808F779FF81}.Debug|Any CPU.ActiveCfg = Debug|Any CPU
		{4A640719-BB95-4608-8226-E808F779FF81}.Debug|Any CPU.Build.0 = Debug|Any CPU
		{4A640719-BB95-4608-8226-E808F779FF81}.Release|Any CPU.ActiveCfg = Release|Any CPU
		{4A640719-BB95-4608-8226-E808F779FF81}.Release|Any CPU.Build.0 = Release|Any CPU
		{1535E0A5-E90A-456D-8A13-D0A1D9DF1E33}.Debug|Any CPU.ActiveCfg = Debug|Any CPU
		{1535E0A5-E90A-456D-8A13-D0A1D9DF1E33}.Debug|Any CPU.Build.0 = Debug|Any CPU
		{1535E0A5-E90A-456D-8A13-D0A1D9DF1E33}.Release|Any CPU.ActiveCfg = Release|Any CPU
		{1535E0A5-E90A-456D-8A13-D0A1D9DF1E33}.Release|Any CPU.Build.0 = Release|Any CPU
		{BDFE8803-0CC2-4566-9E0D-7479AA751D54}.Debug|Any CPU.ActiveCfg = Debug|Any CPU
		{BDFE8803-0CC2-4566-9E0D-7479AA751D54}.Debug|Any CPU.Build.0 = Debug|Any CPU
		{BDFE8803-0CC2-4566-9E0D-7479AA751D54}.Release|Any CPU.ActiveCfg = Release|Any CPU
		{BDFE8803-0CC2-4566-9E0D-7479AA751D54}.Release|Any CPU.Build.0 = Release|Any CPU
		{FD5F69F9-AEEB-47EE-948B-CFC0378E431D}.Debug|Any CPU.ActiveCfg = Debug|Any CPU
		{FD5F69F9-AEEB-47EE-948B-CFC0378E431D}.Debug|Any CPU.Build.0 = Debug|Any CPU
		{FD5F69F9-AEEB-47EE-948B-CFC0378E431D}.Release|Any CPU.ActiveCfg = Release|Any CPU
		{FD5F69F9-AEEB-47EE-948B-CFC0378E431D}.Release|Any CPU.Build.0 = Release|Any CPU
		{AB3387F0-CADD-40EC-BAE2-A60F6C1CD0FD}.Debug|Any CPU.ActiveCfg = Debug|Any CPU
		{AB3387F0-CADD-40EC-BAE2-A60F6C1CD0FD}.Debug|Any CPU.Build.0 = Debug|Any CPU
		{AB3387F0-CADD-40EC-BAE2-A60F6C1CD0FD}.Release|Any CPU.ActiveCfg = Release|Any CPU
		{AB3387F0-CADD-40EC-BAE2-A60F6C1CD0FD}.Release|Any CPU.Build.0 = Release|Any CPU
		{B7482C77-BDF8-45E7-81EF-5A19C480B510}.Debug|Any CPU.ActiveCfg = Debug|Any CPU
		{B7482C77-BDF8-45E7-81EF-5A19C480B510}.Debug|Any CPU.Build.0 = Debug|Any CPU
		{B7482C77-BDF8-45E7-81EF-5A19C480B510}.Release|Any CPU.ActiveCfg = Release|Any CPU
		{B7482C77-BDF8-45E7-81EF-5A19C480B510}.Release|Any CPU.Build.0 = Release|Any CPU
		{4E368FB1-DA49-4C4A-93B2-B3DE8FF99DF4}.Debug|Any CPU.ActiveCfg = Debug|Any CPU
		{4E368FB1-DA49-4C4A-93B2-B3DE8FF99DF4}.Debug|Any CPU.Build.0 = Debug|Any CPU
		{4E368FB1-DA49-4C4A-93B2-B3DE8FF99DF4}.Release|Any CPU.ActiveCfg = Release|Any CPU
		{4E368FB1-DA49-4C4A-93B2-B3DE8FF99DF4}.Release|Any CPU.Build.0 = Release|Any CPU
		{E1B6831C-183C-4CA0-9D84-AC8098D4E2CD}.Debug|Any CPU.ActiveCfg = Debug|Any CPU
		{E1B6831C-183C-4CA0-9D84-AC8098D4E2CD}.Debug|Any CPU.Build.0 = Debug|Any CPU
		{E1B6831C-183C-4CA0-9D84-AC8098D4E2CD}.Release|Any CPU.ActiveCfg = Release|Any CPU
		{E1B6831C-183C-4CA0-9D84-AC8098D4E2CD}.Release|Any CPU.Build.0 = Release|Any CPU
		{84788C92-06A8-4CC9-B371-221753924F1C}.Debug|Any CPU.ActiveCfg = Debug|Any CPU
		{84788C92-06A8-4CC9-B371-221753924F1C}.Debug|Any CPU.Build.0 = Debug|Any CPU
		{84788C92-06A8-4CC9-B371-221753924F1C}.Release|Any CPU.ActiveCfg = Release|Any CPU
		{84788C92-06A8-4CC9-B371-221753924F1C}.Release|Any CPU.Build.0 = Release|Any CPU
		{EF57AF44-FFA2-4902-8268-A6A31B7CD693}.Debug|Any CPU.ActiveCfg = Debug|Any CPU
		{EF57AF44-FFA2-4902-8268-A6A31B7CD693}.Debug|Any CPU.Build.0 = Debug|Any CPU
		{EF57AF44-FFA2-4902-8268-A6A31B7CD693}.Release|Any CPU.ActiveCfg = Release|Any CPU
		{EF57AF44-FFA2-4902-8268-A6A31B7CD693}.Release|Any CPU.Build.0 = Release|Any CPU
		{07BBA66B-6902-4600-A077-FDA570A05431}.Debug|Any CPU.ActiveCfg = Debug|Any CPU
		{07BBA66B-6902-4600-A077-FDA570A05431}.Debug|Any CPU.Build.0 = Debug|Any CPU
		{07BBA66B-6902-4600-A077-FDA570A05431}.Release|Any CPU.ActiveCfg = Release|Any CPU
		{07BBA66B-6902-4600-A077-FDA570A05431}.Release|Any CPU.Build.0 = Release|Any CPU
		{954DF46A-AC39-442E-9E1F-367BBE3FFDC3}.Debug|Any CPU.ActiveCfg = Debug|Any CPU
		{954DF46A-AC39-442E-9E1F-367BBE3FFDC3}.Debug|Any CPU.Build.0 = Debug|Any CPU
		{954DF46A-AC39-442E-9E1F-367BBE3FFDC3}.Release|Any CPU.ActiveCfg = Release|Any CPU
		{954DF46A-AC39-442E-9E1F-367BBE3FFDC3}.Release|Any CPU.Build.0 = Release|Any CPU
		{86705CDD-82A8-4E47-9008-5C20B6BBF85E}.Debug|Any CPU.ActiveCfg = Debug|Any CPU
		{86705CDD-82A8-4E47-9008-5C20B6BBF85E}.Debug|Any CPU.Build.0 = Debug|Any CPU
		{86705CDD-82A8-4E47-9008-5C20B6BBF85E}.Release|Any CPU.ActiveCfg = Release|Any CPU
		{86705CDD-82A8-4E47-9008-5C20B6BBF85E}.Release|Any CPU.Build.0 = Release|Any CPU
		{3A720D0D-418B-44C1-BABF-1AC8B30F7C32}.Debug|Any CPU.ActiveCfg = Debug|Any CPU
		{3A720D0D-418B-44C1-BABF-1AC8B30F7C32}.Debug|Any CPU.Build.0 = Debug|Any CPU
		{3A720D0D-418B-44C1-BABF-1AC8B30F7C32}.Release|Any CPU.ActiveCfg = Release|Any CPU
		{3A720D0D-418B-44C1-BABF-1AC8B30F7C32}.Release|Any CPU.Build.0 = Release|Any CPU
		{23FCFE39-E6F5-4411-8462-1E89F4FAD952}.Debug|Any CPU.ActiveCfg = Debug|Any CPU
		{23FCFE39-E6F5-4411-8462-1E89F4FAD952}.Debug|Any CPU.Build.0 = Debug|Any CPU
		{23FCFE39-E6F5-4411-8462-1E89F4FAD952}.Release|Any CPU.ActiveCfg = Release|Any CPU
		{23FCFE39-E6F5-4411-8462-1E89F4FAD952}.Release|Any CPU.Build.0 = Release|Any CPU
		{4B108896-32B2-4905-BED3-20088EA6CE73}.Debug|Any CPU.ActiveCfg = Debug|Any CPU
		{4B108896-32B2-4905-BED3-20088EA6CE73}.Debug|Any CPU.Build.0 = Debug|Any CPU
		{4B108896-32B2-4905-BED3-20088EA6CE73}.Release|Any CPU.ActiveCfg = Release|Any CPU
		{4B108896-32B2-4905-BED3-20088EA6CE73}.Release|Any CPU.Build.0 = Release|Any CPU
	EndGlobalSection
	GlobalSection(SolutionProperties) = preSolution
		HideSolutionNode = FALSE
	EndGlobalSection
	GlobalSection(NestedProjects) = preSolution
		{2B6F7B44-91D5-44DD-8615-4EE8447F4839} = {B0C38F6D-3F83-458A-A493-428AB3DD9F85}
		{EDDFD04B-B4F0-47A6-8FD3-628F3F542402} = {B0C38F6D-3F83-458A-A493-428AB3DD9F85}
		{6B493287-F29B-4988-A21F-A32EF81DE717} = {B0C38F6D-3F83-458A-A493-428AB3DD9F85}
		{8D35E32C-AB12-44C8-8FAF-D9FF8CF805B7} = {1064A767-7322-4A14-BFD4-97FDD40E76B4}
		{17702567-1DF1-4FA0-9C36-27B292C62981} = {1064A767-7322-4A14-BFD4-97FDD40E76B4}
		{9DEBEE4B-C360-4517-A97F-7461C163FDDF} = {B0C38F6D-3F83-458A-A493-428AB3DD9F85}
		{A35870C0-7553-4A66-95EE-7226535FED0F} = {472FC125-267E-422D-AFFE-E33C5FFB3344}
		{95825677-4D42-420E-8126-220CDD2B4D8C} = {1064A767-7322-4A14-BFD4-97FDD40E76B4}
		{4951C555-DB59-4A86-954F-0049E279DDB5} = {1064A767-7322-4A14-BFD4-97FDD40E76B4}
		{FBBBD953-500A-4BCB-9C5E-B8C8E3D97D71} = {1064A767-7322-4A14-BFD4-97FDD40E76B4}
		{E57AF551-0F14-4B5D-A208-8F4E56365BA1} = {B0C38F6D-3F83-458A-A493-428AB3DD9F85}
		{17B5795D-03E0-4B3C-9FD8-39E91383E271} = {1064A767-7322-4A14-BFD4-97FDD40E76B4}
		{4A640719-BB95-4608-8226-E808F779FF81} = {FBBBD953-500A-4BCB-9C5E-B8C8E3D97D71}
		{1535E0A5-E90A-456D-8A13-D0A1D9DF1E33} = {FBBBD953-500A-4BCB-9C5E-B8C8E3D97D71}
		{BDFE8803-0CC2-4566-9E0D-7479AA751D54} = {FBBBD953-500A-4BCB-9C5E-B8C8E3D97D71}
		{FD5F69F9-AEEB-47EE-948B-CFC0378E431D} = {FBBBD953-500A-4BCB-9C5E-B8C8E3D97D71}
		{AB3387F0-CADD-40EC-BAE2-A60F6C1CD0FD} = {4951C555-DB59-4A86-954F-0049E279DDB5}
		{B7482C77-BDF8-45E7-81EF-5A19C480B510} = {4951C555-DB59-4A86-954F-0049E279DDB5}
		{4E368FB1-DA49-4C4A-93B2-B3DE8FF99DF4} = {17B5795D-03E0-4B3C-9FD8-39E91383E271}
		{E1B6831C-183C-4CA0-9D84-AC8098D4E2CD} = {8D35E32C-AB12-44C8-8FAF-D9FF8CF805B7}
		{84788C92-06A8-4CC9-B371-221753924F1C} = {17B5795D-03E0-4B3C-9FD8-39E91383E271}
		{EF57AF44-FFA2-4902-8268-A6A31B7CD693} = {17B5795D-03E0-4B3C-9FD8-39E91383E271}
		{B32B3C0F-6B1C-4E9D-A7C6-A94ECA9380B6} = {1064A767-7322-4A14-BFD4-97FDD40E76B4}
		{07BBA66B-6902-4600-A077-FDA570A05431} = {E57AF551-0F14-4B5D-A208-8F4E56365BA1}
		{954DF46A-AC39-442E-9E1F-367BBE3FFDC3} = {F9C9E454-9CFB-4EA0-A73E-BC5F8D5255BB}
		{86705CDD-82A8-4E47-9008-5C20B6BBF85E} = {F9C9E454-9CFB-4EA0-A73E-BC5F8D5255BB}
		{3A720D0D-418B-44C1-BABF-1AC8B30F7C32} = {F9C9E454-9CFB-4EA0-A73E-BC5F8D5255BB}
		{23FCFE39-E6F5-4411-8462-1E89F4FAD952} = {E57AF551-0F14-4B5D-A208-8F4E56365BA1}
		{4B108896-32B2-4905-BED3-20088EA6CE73} = {B32B3C0F-6B1C-4E9D-A7C6-A94ECA9380B6}
		{F9C9E454-9CFB-4EA0-A73E-BC5F8D5255BB} = {B32B3C0F-6B1C-4E9D-A7C6-A94ECA9380B6}
	EndGlobalSection
	GlobalSection(ExtensibilityGlobals) = postSolution
		SolutionGuid = {46764455-0D10-4266-9C37-35D7BD67517C}
	EndGlobalSection
EndGlobal
