
Microsoft Visual Studio Solution File, Format Version 12.00
# Visual Studio Version 16
VisualStudioVersion = 16.0.30114.105
MinimumVisualStudioVersion = 10.0.40219.1
Project("{2150E333-8FDC-42A3-9474-1A3956D46DE8}") = "src", "src", "{4C6EBAD3-E844-4707-AE03-2346A28E59AF}"
EndProject
Project("{FAE04EC0-301F-11D3-BF4B-00C04F79EFBC}") = "EventMeshServer", "src\EventMeshServer\EventMeshServer.csproj", "{AE2A36F4-2959-4029-B886-16470A0FD564}"
EndProject
Global
	GlobalSection(SolutionConfigurationPlatforms) = preSolution
		Debug|Any CPU = Debug|Any CPU
		Debug|x64 = Debug|x64
		Debug|x86 = Debug|x86
		Release|Any CPU = Release|Any CPU
		Release|x64 = Release|x64
		Release|x86 = Release|x86
	EndGlobalSection
	GlobalSection(SolutionProperties) = preSolution
		HideSolutionNode = FALSE
	EndGlobalSection
	GlobalSection(ProjectConfigurationPlatforms) = postSolution
		{AE2A36F4-2959-4029-B886-16470A0FD564}.Debug|Any CPU.ActiveCfg = Debug|Any CPU
		{AE2A36F4-2959-4029-B886-16470A0FD564}.Debug|Any CPU.Build.0 = Debug|Any CPU
		{AE2A36F4-2959-4029-B886-16470A0FD564}.Debug|x64.ActiveCfg = Debug|Any CPU
		{AE2A36F4-2959-4029-B886-16470A0FD564}.Debug|x64.Build.0 = Debug|Any CPU
		{AE2A36F4-2959-4029-B886-16470A0FD564}.Debug|x86.ActiveCfg = Debug|Any CPU
		{AE2A36F4-2959-4029-B886-16470A0FD564}.Debug|x86.Build.0 = Debug|Any CPU
		{AE2A36F4-2959-4029-B886-16470A0FD564}.Release|Any CPU.ActiveCfg = Release|Any CPU
		{AE2A36F4-2959-4029-B886-16470A0FD564}.Release|Any CPU.Build.0 = Release|Any CPU
		{AE2A36F4-2959-4029-B886-16470A0FD564}.Release|x64.ActiveCfg = Release|Any CPU
		{AE2A36F4-2959-4029-B886-16470A0FD564}.Release|x64.Build.0 = Release|Any CPU
		{AE2A36F4-2959-4029-B886-16470A0FD564}.Release|x86.ActiveCfg = Release|Any CPU
		{AE2A36F4-2959-4029-B886-16470A0FD564}.Release|x86.Build.0 = Release|Any CPU
	EndGlobalSection
	GlobalSection(NestedProjects) = preSolution
		{AE2A36F4-2959-4029-B886-16470A0FD564} = {4C6EBAD3-E844-4707-AE03-2346A28E59AF}
	EndGlobalSection
EndGlobal
