
Microsoft Visual Studio Solution File, Format Version 12.00
# Visual Studio Version 16
VisualStudioVersion = 16.0.30114.105
MinimumVisualStudioVersion = 10.0.40219.1
Project("{2150E333-8FDC-42A3-9474-1A3956D46DE8}") = "src", "src", "{B5CF35CA-56BA-4B02-9203-0A96AD268D74}"
EndProject
Project("{9A19103F-16F7-4668-BE54-9A1E7A4F7556}") = "EventMeshServer", "src\EventMeshServer\EventMeshServer.csproj", "{451E8741-AE59-4EA9-8FD3-337DE8697A58}"
EndProject
Global
	GlobalSection(SolutionConfigurationPlatforms) = preSolution
		Debug|Any CPU = Debug|Any CPU
		Release|Any CPU = Release|Any CPU
	EndGlobalSection
	GlobalSection(ProjectConfigurationPlatforms) = postSolution
		{451E8741-AE59-4EA9-8FD3-337DE8697A58}.Debug|Any CPU.ActiveCfg = Debug|Any CPU
		{451E8741-AE59-4EA9-8FD3-337DE8697A58}.Debug|Any CPU.Build.0 = Debug|Any CPU
		{451E8741-AE59-4EA9-8FD3-337DE8697A58}.Release|Any CPU.ActiveCfg = Release|Any CPU
		{451E8741-AE59-4EA9-8FD3-337DE8697A58}.Release|Any CPU.Build.0 = Release|Any CPU
	EndGlobalSection
	GlobalSection(SolutionProperties) = preSolution
		HideSolutionNode = FALSE
	EndGlobalSection
	GlobalSection(NestedProjects) = preSolution
		{451E8741-AE59-4EA9-8FD3-337DE8697A58} = {B5CF35CA-56BA-4B02-9203-0A96AD268D74}
	EndGlobalSection
	GlobalSection(ExtensibilityGlobals) = postSolution
		SolutionGuid = {EB3C5596-5570-4E5E-81B9-7B4B7A72B418}
	EndGlobalSection
EndGlobal
